
Microsoft Visual Studio Solution File, Format Version 12.00
# Visual Studio Version 17
VisualStudioVersion = 17.2.32630.192
MinimumVisualStudioVersion = 10.0.40219.1
Project("{9A19103F-16F7-4668-BE54-9A1E7A4F7556}") = "R5T.E0070", "R5T.E0070\R5T.E0070.csproj", "{4A0B5161-E7DA-4179-9C80-4F253AB6B926}"
EndProject
Project("{2150E333-8FDC-42A3-9474-1A3956D46DE8}") = "_Dependencies", "_Dependencies", "{AE2D10A9-690E-4A3F-AFED-6B75186814EB}"
EndProject
Project("{9A19103F-16F7-4668-BE54-9A1E7A4F7556}") = "R5T.T0141", "..\..\R5T.T0141\source\R5T.T0141\R5T.T0141.csproj", "{0A75A121-F5AE-464C-BE4F-38C3D4ACAEE1}"
EndProject
Project("{9A19103F-16F7-4668-BE54-9A1E7A4F7556}") = "R5T.T0143", "..\..\R5T.T0143\source\R5T.T0143\R5T.T0143.csproj", "{1C32D11E-C88D-4DC4-8AA9-A0CD92E68974}"
EndProject
Project("{9A19103F-16F7-4668-BE54-9A1E7A4F7556}") = "R5T.T0131", "..\..\R5T.T0131\source\R5T.T0131\R5T.T0131.csproj", "{C6FC62A7-7E42-448C-84D0-5E556811DB71}"
EndProject
Project("{9A19103F-16F7-4668-BE54-9A1E7A4F7556}") = "R5T.T0132", "..\..\R5T.T0132\source\R5T.T0132\R5T.T0132.csproj", "{65DF97AF-E4E0-44BA-970C-3ADB8609DC76}"
EndProject
Project("{9A19103F-16F7-4668-BE54-9A1E7A4F7556}") = "R5T.T0142", "..\..\R5T.T0142\source\R5T.T0142\R5T.T0142.csproj", "{4FB2B122-5E52-457B-8354-7FD9B14ED34F}"
EndProject
Project("{9A19103F-16F7-4668-BE54-9A1E7A4F7556}") = "R5T.T0150", "..\..\R5T.T0150\source\R5T.T0150\R5T.T0150.csproj", "{8BE73AC6-790B-4C21-92E7-8A5107E1B55B}"
EndProject
Project("{9A19103F-16F7-4668-BE54-9A1E7A4F7556}") = "R5T.T0151", "..\..\R5T.T0151\source\R5T.T0151\R5T.T0151.csproj", "{C12A5116-9111-42F3-80E7-8E964AF0D579}"
EndProject
Project("{9A19103F-16F7-4668-BE54-9A1E7A4F7556}") = "R5T.T0172", "..\..\R5T.T0172\source\R5T.T0172\R5T.T0172.csproj", "{8C615E6E-CFC3-4A2D-B0C9-D92D892AD74A}"
EndProject
Project("{9A19103F-16F7-4668-BE54-9A1E7A4F7556}") = "R5T.T0178", "..\..\R5T.T0178\source\R5T.T0178\R5T.T0178.csproj", "{17233680-E87C-4382-8383-CC78B26A5FE4}"
EndProject
Project("{9A19103F-16F7-4668-BE54-9A1E7A4F7556}") = "R5T.T0179", "..\..\R5T.T0179\source\R5T.T0179\R5T.T0179.csproj", "{61B06063-16C4-42BB-AC2E-731D87A19B27}"
EndProject
Project("{9A19103F-16F7-4668-BE54-9A1E7A4F7556}") = "R5T.T0180", "..\..\R5T.T0180\source\R5T.T0180\R5T.T0180.csproj", "{3716227B-8CA1-4C38-A459-7103B583D5B4}"
EndProject
Project("{9A19103F-16F7-4668-BE54-9A1E7A4F7556}") = "R5T.T0181", "..\..\R5T.T0181\source\R5T.T0181\R5T.T0181.csproj", "{ECB7C48E-0921-4D62-B934-D9906FCCC851}"
EndProject
Project("{9A19103F-16F7-4668-BE54-9A1E7A4F7556}") = "R5T.NG0020", "..\..\R5T.NG0020\source\R5T.NG0020\R5T.NG0020.csproj", "{D54FF703-D27A-47A9-92FA-0D45FF2F2C9D}"
EndProject
Project("{9A19103F-16F7-4668-BE54-9A1E7A4F7556}") = "R5T.NG0021", "..\..\R5T.NG0021\source\R5T.NG0021\R5T.NG0021.csproj", "{DC86EAC2-819A-4B63-B1BC-ADE47E3A17AC}"
EndProject
Project("{9A19103F-16F7-4668-BE54-9A1E7A4F7556}") = "R5T.NG0019", "..\..\R5T.NG0019\source\R5T.NG0019\R5T.NG0019.csproj", "{73673657-B6DE-41AD-9844-1E063CEEB2F6}"
EndProject
Project("{9A19103F-16F7-4668-BE54-9A1E7A4F7556}") = "R5T.F0000", "..\..\R5T.F0000\source\R5T.F0000\R5T.F0000.csproj", "{06EC6009-4EA3-4462-B100-E858078460F9}"
EndProject
Project("{9A19103F-16F7-4668-BE54-9A1E7A4F7556}") = "R5T.T0156", "..\..\R5T.T0156\source\R5T.T0156\R5T.T0156.csproj", "{DCEBDFB4-580C-41D8-A5D3-42B2BB2AD0E4}"
EndProject
Project("{9A19103F-16F7-4668-BE54-9A1E7A4F7556}") = "R5T.Y0000", "..\..\R5T.Y0000\source\R5T.Y0000\R5T.Y0000.csproj", "{05E6C16E-890B-4E8F-BC59-AE69E5C27A64}"
EndProject
Project("{9A19103F-16F7-4668-BE54-9A1E7A4F7556}") = "R5T.Z0000", "..\..\R5T.Z0000\source\R5T.Z0000\R5T.Z0000.csproj", "{B40F00F2-1E81-4136-BA4B-2DE119CB780A}"
EndProject
Project("{9A19103F-16F7-4668-BE54-9A1E7A4F7556}") = "R5T.F0002", "..\..\R5T.F0002\source\R5T.F0002\R5T.F0002.csproj", "{EE1AFCDC-A7C5-4938-9D36-C13541DEB82F}"
EndProject
Project("{9A19103F-16F7-4668-BE54-9A1E7A4F7556}") = "R5T.F0120", "..\..\R5T.F0120\source\R5T.F0120\R5T.F0120.csproj", "{38C5A04E-B7E2-4D00-BDF8-DD6BB7494FC7}"
EndProject
Project("{9A19103F-16F7-4668-BE54-9A1E7A4F7556}") = "R5T.F0124", "..\..\R5T.F0124\source\R5T.F0124\R5T.F0124.csproj", "{60FDE5B3-B603-4E30-B52A-3BCD39B2FC27}"
EndProject
Project("{9A19103F-16F7-4668-BE54-9A1E7A4F7556}") = "R5T.L0030.T000", "..\..\R5T.L0030\source\R5T.L0030.T000\R5T.L0030.T000.csproj", "{E17238F0-378A-45AF-9B79-9ABA94D84489}"
EndProject
Project("{9A19103F-16F7-4668-BE54-9A1E7A4F7556}") = "R5T.L0030", "..\..\R5T.L0030\source\R5T.L0030\R5T.L0030.csproj", "{A0E077BA-2514-4017-B8F2-1ABD937198D8}"
EndProject
Project("{9A19103F-16F7-4668-BE54-9A1E7A4F7556}") = "R5T.L0032.T000", "..\..\R5T.L0032\source\R5T.L0032.T000\R5T.L0032.T000.csproj", "{E655E33B-588A-472F-AD12-50DD370C47D5}"
EndProject
Project("{9A19103F-16F7-4668-BE54-9A1E7A4F7556}") = "R5T.L0034", "..\..\R5T.L0034\source\R5T.L0034\R5T.L0034.csproj", "{079B6384-0ED2-459C-B9C7-4C13C4515F3E}"
EndProject
Project("{9A19103F-16F7-4668-BE54-9A1E7A4F7556}") = "R5T.T0161", "..\..\R5T.T0161\source\R5T.T0161\R5T.T0161.csproj", "{305F2B45-D38A-40B8-89EA-4130376AE6FC}"
EndProject
Project("{9A19103F-16F7-4668-BE54-9A1E7A4F7556}") = "R5T.T0174", "..\..\R5T.T0174\source\R5T.T0174\R5T.T0174.csproj", "{FC49E195-E54D-4E28-9A44-842FFD801525}"
EndProject
Project("{9A19103F-16F7-4668-BE54-9A1E7A4F7556}") = "R5T.T0176", "..\..\R5T.T0176\source\R5T.T0176\R5T.T0176.csproj", "{ECE4C63F-AA6C-4420-B422-9C70EF804606}"
EndProject
Project("{9A19103F-16F7-4668-BE54-9A1E7A4F7556}") = "R5T.T0177", "..\..\R5T.T0177\source\R5T.T0177\R5T.T0177.csproj", "{B8CFE2C7-BE52-4DBC-AACD-71215C586341}"
EndProject
Project("{9A19103F-16F7-4668-BE54-9A1E7A4F7556}") = "R5T.T0184", "..\..\R5T.T0184\source\R5T.T0184\R5T.T0184.csproj", "{C3C7926F-4405-4B5E-90FB-DEB40D59BB08}"
EndProject
Project("{9A19103F-16F7-4668-BE54-9A1E7A4F7556}") = "R5T.T0185", "..\..\R5T.T0185\source\R5T.T0185\R5T.T0185.csproj", "{E31BF496-637A-4D5D-A9F9-1AC4825770FA}"
EndProject
Project("{9A19103F-16F7-4668-BE54-9A1E7A4F7556}") = "R5T.T0186", "..\..\R5T.T0186\source\R5T.T0186\R5T.T0186.csproj", "{5B4E098F-4A29-40EA-8B65-FAA28527E686}"
EndProject
Project("{9A19103F-16F7-4668-BE54-9A1E7A4F7556}") = "R5T.T0187", "..\..\R5T.T0187\source\R5T.T0187\R5T.T0187.csproj", "{A0D47885-E785-4468-B095-DFCDE34B0450}"
EndProject
Project("{9A19103F-16F7-4668-BE54-9A1E7A4F7556}") = "R5T.T0196", "..\..\R5T.T0196\source\R5T.T0196\R5T.T0196.csproj", "{65240988-A3DE-4C82-B320-7B52CBE5D070}"
EndProject
Project("{9A19103F-16F7-4668-BE54-9A1E7A4F7556}") = "R5T.T0197", "..\..\R5T.T0197\source\R5T.T0197\R5T.T0197.csproj", "{5E085CCB-D1F0-45AE-915E-F2430E30D2F5}"
EndProject
Project("{9A19103F-16F7-4668-BE54-9A1E7A4F7556}") = "R5T.T0198", "..\..\R5T.T0198\source\R5T.T0198\R5T.T0198.csproj", "{5087B48E-5B2A-48FB-B94D-36071918026C}"
EndProject
Project("{9A19103F-16F7-4668-BE54-9A1E7A4F7556}") = "R5T.T0203", "..\..\R5T.T0203\source\R5T.T0203\R5T.T0203.csproj", "{7E017873-056B-4D2D-85BB-D1C57B552023}"
EndProject
Project("{9A19103F-16F7-4668-BE54-9A1E7A4F7556}") = "R5T.Z0046", "..\..\R5T.Z0046\source\R5T.Z0046\R5T.Z0046.csproj", "{83145905-16C7-4560-B5DD-A1117D10DF81}"
EndProject
Project("{9A19103F-16F7-4668-BE54-9A1E7A4F7556}") = "R5T.F0125", "..\..\R5T.F0125\source\R5T.F0125\R5T.F0125.csproj", "{25F22025-BB4F-48C5-B535-F665EA23085D}"
EndProject
Project("{9A19103F-16F7-4668-BE54-9A1E7A4F7556}") = "R5T.F0135", "..\..\R5T.F0135\source\R5T.F0135\R5T.F0135.csproj", "{9E9690FE-AA2C-4E78-AB5B-40564B622FFB}"
EndProject
Project("{9A19103F-16F7-4668-BE54-9A1E7A4F7556}") = "R5T.F0136", "..\..\R5T.F0136\source\R5T.F0136\R5T.F0136.csproj", "{A6600A20-B743-415A-81ED-07112B6B810A}"
EndProject
Project("{9A19103F-16F7-4668-BE54-9A1E7A4F7556}") = "R5T.F0137", "..\..\R5T.F0137\source\R5T.F0137\R5T.F0137.csproj", "{35F92D5C-41C2-466D-8FF9-22C4684305CE}"
EndProject
Project("{9A19103F-16F7-4668-BE54-9A1E7A4F7556}") = "R5T.L0035", "..\..\R5T.L0035\source\R5T.L0035\R5T.L0035.csproj", "{02D15849-BD4A-419D-B4DD-78EF483AAA07}"
EndProject
Project("{9A19103F-16F7-4668-BE54-9A1E7A4F7556}") = "R5T.O0022", "..\..\R5T.O0022\source\R5T.O0022\R5T.O0022.csproj", "{AF014E3E-E56C-47BF-9ED6-9AA974CDD95F}"
EndProject
Project("{9A19103F-16F7-4668-BE54-9A1E7A4F7556}") = "R5T.L0048.F000", "..\..\R5T.L0048\source\R5T.L0048.F000\R5T.L0048.F000.csproj", "{F21D986B-3744-47F6-84FE-3EB1423680AA}"
EndProject
Project("{9A19103F-16F7-4668-BE54-9A1E7A4F7556}") = "R5T.L0048", "..\..\R5T.L0048\source\R5T.L0048\R5T.L0048.csproj", "{9B609753-1F5D-4984-A51B-9D224FF115A4}"
EndProject
Project("{9A19103F-16F7-4668-BE54-9A1E7A4F7556}") = "R5T.NG0022", "..\..\R5T.NG0022\source\R5T.NG0022\R5T.NG0022.csproj", "{89CDC693-B160-4981-9125-2585C48D9B83}"
EndProject
Project("{9A19103F-16F7-4668-BE54-9A1E7A4F7556}") = "R5T.F0016.F001", "..\..\R5T.F0016\source\R5T.F0016.F001\R5T.F0016.F001.csproj", "{A4D57261-36E9-4E8B-BC02-5E5980915FE8}"
EndProject
Project("{9A19103F-16F7-4668-BE54-9A1E7A4F7556}") = "R5T.F0016", "..\..\R5T.F0016\source\R5T.F0016\R5T.F0016.csproj", "{AC48DECD-3FF5-4C0E-9D64-B81FE7C41ACB}"
EndProject
Project("{9A19103F-16F7-4668-BE54-9A1E7A4F7556}") = "R5T.F0020", "..\..\R5T.F0020\source\R5T.F0020\R5T.F0020.csproj", "{7BD6DC7B-5BD0-4C7F-B6AF-BFEBF296952C}"
EndProject
Project("{9A19103F-16F7-4668-BE54-9A1E7A4F7556}") = "R5T.F0040.F000", "..\..\R5T.F0040\source\R5T.F0040.F000\R5T.F0040.F000.csproj", "{CC573C2F-E57A-4C45-89B7-6819634F9589}"
EndProject
Project("{9A19103F-16F7-4668-BE54-9A1E7A4F7556}") = "R5T.L0032.Z000", "..\..\R5T.L0032\source\R5T.L0032.Z000\R5T.L0032.Z000.csproj", "{21CDD934-AA23-4E82-ADE4-7F58A5FF7CB2}"
EndProject
Project("{9A19103F-16F7-4668-BE54-9A1E7A4F7556}") = "R5T.L0032", "..\..\R5T.L0032\source\R5T.L0032\R5T.L0032.csproj", "{7C636E4C-D929-464C-9E9A-3FBBABE30F6A}"
EndProject
Project("{9A19103F-16F7-4668-BE54-9A1E7A4F7556}") = "R5T.O0006", "..\..\R5T.O0006\source\R5T.O0006\R5T.O0006.csproj", "{04083957-DC12-44AA-81C6-2AFF9DDEAD30}"
EndProject
Project("{9A19103F-16F7-4668-BE54-9A1E7A4F7556}") = "R5T.T0152", "..\..\R5T.T0152\source\R5T.T0152\R5T.T0152.csproj", "{774AD159-B463-483D-AFD7-343CA498906B}"
EndProject
Project("{9A19103F-16F7-4668-BE54-9A1E7A4F7556}") = "R5T.T0202", "..\..\R5T.T0202\source\R5T.T0202\R5T.T0202.csproj", "{44DF84A8-19CB-41E7-B850-5E424FC700D2}"
EndProject
Project("{9A19103F-16F7-4668-BE54-9A1E7A4F7556}") = "R5T.T0205", "..\..\R5T.T0205\source\R5T.T0205\R5T.T0205.csproj", "{5991953F-45E0-4423-AF72-35C441B31AF1}"
EndProject
Project("{9A19103F-16F7-4668-BE54-9A1E7A4F7556}") = "R5T.T0206", "..\..\R5T.T0206\source\R5T.T0206\R5T.T0206.csproj", "{3469E4DF-156E-4DE3-BCCE-BB929BE7B912}"
EndProject
Project("{9A19103F-16F7-4668-BE54-9A1E7A4F7556}") = "R5T.T0208", "..\..\R5T.T0208\source\R5T.T0208\R5T.T0208.csproj", "{E124E5A9-FA85-412F-B74B-D91A3884FFB0}"
EndProject
Project("{9A19103F-16F7-4668-BE54-9A1E7A4F7556}") = "R5T.Z0015", "..\..\R5T.Z0015\source\R5T.Z0015\R5T.Z0015.csproj", "{288D4EFE-4B53-4A56-B466-3133041910E9}"
EndProject
Project("{9A19103F-16F7-4668-BE54-9A1E7A4F7556}") = "R5T.F0033", "..\..\R5T.F0033\source\R5T.F0033\R5T.F0033.csproj", "{3D2AEE7A-6E67-4178-BC55-2D2B2900D17F}"
EndProject
Project("{9A19103F-16F7-4668-BE54-9A1E7A4F7556}") = "R5T.O0024", "..\..\R5T.O0024\source\R5T.O0024\R5T.O0024.csproj", "{8FA44F7D-805B-4673-812A-34FE00591BB7}"
EndProject
Project("{9A19103F-16F7-4668-BE54-9A1E7A4F7556}") = "R5T.T0200", "..\..\R5T.T0200\source\R5T.T0200\R5T.T0200.csproj", "{350D3A4F-5E7B-49BA-8E48-713AABC3AA59}"
EndProject
Project("{9A19103F-16F7-4668-BE54-9A1E7A4F7556}") = "R5T.F0019", "..\..\R5T.F0019\source\R5T.F0019\R5T.F0019.csproj", "{98772254-D758-484D-9589-F387C436BFF5}"
EndProject
Project("{9A19103F-16F7-4668-BE54-9A1E7A4F7556}") = "R5T.F0032", "..\..\R5T.F0032\source\R5T.F0032\R5T.F0032.csproj", "{230E9680-47FA-45D4-A04B-A379B56984EE}"
EndProject
Project("{9A19103F-16F7-4668-BE54-9A1E7A4F7556}") = "R5T.F0041", "..\..\R5T.F0041\source\R5T.F0041\R5T.F0041.csproj", "{7E8E8379-32A5-4BDD-85D3-C8BD1C1FD509}"
EndProject
Project("{9A19103F-16F7-4668-BE54-9A1E7A4F7556}") = "R5T.F0044", "..\..\R5T.F0044\source\R5T.F0044\R5T.F0044.csproj", "{220EDB7F-516E-411D-A369-B4DF47098166}"
EndProject
Project("{9A19103F-16F7-4668-BE54-9A1E7A4F7556}") = "R5T.F0046", "..\..\R5T.F0046\source\R5T.F0046\R5T.F0046.csproj", "{CF0950BF-982E-4846-803E-07E9CCE66FAD}"
EndProject
Project("{9A19103F-16F7-4668-BE54-9A1E7A4F7556}") = "R5T.F0047", "..\..\R5T.F0047\source\R5T.F0047\R5T.F0047.csproj", "{EFB7BBE9-1BE5-4B0A-9362-180C79B8C2B4}"
EndProject
Project("{9A19103F-16F7-4668-BE54-9A1E7A4F7556}") = "R5T.F0057", "..\..\R5T.F0057\source\R5T.F0057\R5T.F0057.csproj", "{C82BD69A-2E99-4667-80BE-C6E205109774}"
EndProject
Project("{9A19103F-16F7-4668-BE54-9A1E7A4F7556}") = "R5T.F0129", "..\..\R5T.F0129\source\R5T.F0129\R5T.F0129.csproj", "{A559B159-5B9E-418D-A19B-F346FF84FECD}"
EndProject
Project("{9A19103F-16F7-4668-BE54-9A1E7A4F7556}") = "R5T.F0130", "..\..\R5T.F0130\source\R5T.F0130\R5T.F0130.csproj", "{08F52BD0-A509-4BF8-9CF5-250EB16853FC}"
EndProject
Project("{9A19103F-16F7-4668-BE54-9A1E7A4F7556}") = "R5T.L0001.Y000", "..\..\R5T.L0001\source\R5T.L0001.Y000\R5T.L0001.Y000.csproj", "{71EF77F8-8634-464B-A0C8-9FD86384FEA8}"
EndProject
Project("{9A19103F-16F7-4668-BE54-9A1E7A4F7556}") = "R5T.L0001.Z000", "..\..\R5T.L0001\source\R5T.L0001.Z000\R5T.L0001.Z000.csproj", "{1424AA33-D584-4067-BDCE-9B0DB376F4FD}"
EndProject
Project("{9A19103F-16F7-4668-BE54-9A1E7A4F7556}") = "R5T.L0001", "..\..\R5T.L0001\source\R5T.L0001\R5T.L0001.csproj", "{F94564DC-136A-4AE7-BD70-51652DFF67D5}"
EndProject
Project("{9A19103F-16F7-4668-BE54-9A1E7A4F7556}") = "R5T.L0031.T000", "..\..\R5T.L0031\source\R5T.L0031.T000\R5T.L0031.T000.csproj", "{E0358699-151C-4D20-B8AD-33E7AAA9423E}"
EndProject
Project("{9A19103F-16F7-4668-BE54-9A1E7A4F7556}") = "R5T.L0031", "..\..\R5T.L0031\source\R5T.L0031\R5T.L0031.csproj", "{E45B2524-B89D-43A5-8937-288115F159D1}"
EndProject
Project("{9A19103F-16F7-4668-BE54-9A1E7A4F7556}") = "R5T.L0032.F000", "..\..\R5T.L0032\source\R5T.L0032.F000\R5T.L0032.F000.csproj", "{1B15E2DC-99D2-4CF3-A1E7-9DC96546AC3B}"
EndProject
Project("{9A19103F-16F7-4668-BE54-9A1E7A4F7556}") = "R5T.L0033.Z001", "..\..\R5T.L0033\source\R5T.L0033.Z001\R5T.L0033.Z001.csproj", "{2D9225C0-A79A-470D-ACED-FC3B69C00144}"
EndProject
Project("{9A19103F-16F7-4668-BE54-9A1E7A4F7556}") = "R5T.L0036.T000", "..\..\R5T.L0036\source\R5T.L0036.T000\R5T.L0036.T000.csproj", "{D7247542-A2DB-458B-8351-0B737A66F262}"
EndProject
Project("{9A19103F-16F7-4668-BE54-9A1E7A4F7556}") = "R5T.L0036", "..\..\R5T.L0036\source\R5T.L0036\R5T.L0036.csproj", "{9DE5DBE2-1DE6-4B03-A1AD-79C7F0B9381A}"
EndProject
Project("{9A19103F-16F7-4668-BE54-9A1E7A4F7556}") = "R5T.NG0005", "..\..\R5T.NG0005\source\R5T.NG0005\R5T.NG0005.csproj", "{3EC6099C-CDA4-454A-B40B-D90B9AF03C78}"
EndProject
Project("{9A19103F-16F7-4668-BE54-9A1E7A4F7556}") = "R5T.NG0006", "..\..\R5T.NG0006\source\R5T.NG0006\R5T.NG0006.csproj", "{C51E532C-169F-46F9-AEE8-2D0BED27AD5A}"
EndProject
Project("{9A19103F-16F7-4668-BE54-9A1E7A4F7556}") = "R5T.NG0008", "..\..\R5T.NG0008\source\R5T.NG0008\R5T.NG0008.csproj", "{B0A55316-3EFE-4396-8C8E-5243F6341111}"
EndProject
Project("{9A19103F-16F7-4668-BE54-9A1E7A4F7556}") = "R5T.O0017", "..\..\R5T.O0017\source\R5T.O0017\R5T.O0017.csproj", "{5F981707-111B-411B-A51E-5B6BFBB0C9E1}"
EndProject
Project("{9A19103F-16F7-4668-BE54-9A1E7A4F7556}") = "R5T.O0023", "..\..\R5T.O0023\source\R5T.O0023\R5T.O0023.csproj", "{F877797B-3956-4D3F-9A17-75842EDF7E26}"
EndProject
Project("{9A19103F-16F7-4668-BE54-9A1E7A4F7556}") = "R5T.O0025.O000", "..\..\R5T.O0025\source\R5T.O0025.O000\R5T.O0025.O000.csproj", "{F861371F-04C8-4140-8972-36DB96FA046F}"
EndProject
Project("{9A19103F-16F7-4668-BE54-9A1E7A4F7556}") = "R5T.O0025.O001", "..\..\R5T.O0025\source\R5T.O0025.O001\R5T.O0025.O001.csproj", "{A9C85EF0-0741-4913-B553-A2E9EB6C3DDD}"
EndProject
Project("{9A19103F-16F7-4668-BE54-9A1E7A4F7556}") = "R5T.O0025.O002", "..\..\R5T.O0025\source\R5T.O0025.O002\R5T.O0025.O002.csproj", "{D73A7A49-39D8-4A57-A317-1FEAEE2933A7}"
EndProject
Project("{9A19103F-16F7-4668-BE54-9A1E7A4F7556}") = "R5T.O0025.O003", "..\..\R5T.O0025\source\R5T.O0025.O003\R5T.O0025.O003.csproj", "{8B0CA589-845D-4336-8B18-56A8112569BE}"
EndProject
Project("{9A19103F-16F7-4668-BE54-9A1E7A4F7556}") = "R5T.O0025", "..\..\R5T.O0025\source\R5T.O0025\R5T.O0025.csproj", "{3010FA55-7034-4AC2-BE73-832EB064C38E}"
EndProject
Project("{9A19103F-16F7-4668-BE54-9A1E7A4F7556}") = "R5T.O0026.O001", "..\..\R5T.O0026\source\R5T.O0026.O001\R5T.O0026.O001.csproj", "{F472B75A-9CFF-4159-9CF8-CD58758AF153}"
EndProject
Project("{9A19103F-16F7-4668-BE54-9A1E7A4F7556}") = "R5T.O0026.O002", "..\..\R5T.O0026\source\R5T.O0026.O002\R5T.O0026.O002.csproj", "{064C6AEB-E990-4A1B-8845-12BF5CB136BF}"
EndProject
Project("{9A19103F-16F7-4668-BE54-9A1E7A4F7556}") = "R5T.O0026", "..\..\R5T.O0026\source\R5T.O0026\R5T.O0026.csproj", "{E366773F-B4F4-4BB6-BB73-9372C85CCD6F}"
EndProject
Project("{9A19103F-16F7-4668-BE54-9A1E7A4F7556}") = "R5T.T0046", "..\..\R5T.T0046\source\R5T.T0046\R5T.T0046.csproj", "{B387F3C3-A565-4D40-9A2F-024FB4358A73}"
EndProject
Project("{9A19103F-16F7-4668-BE54-9A1E7A4F7556}") = "R5T.T0137", "..\..\R5T.T0137\source\R5T.T0137\R5T.T0137.csproj", "{5A5A26A4-8430-4053-BB93-0BF9F7D4809B}"
EndProject
Project("{9A19103F-16F7-4668-BE54-9A1E7A4F7556}") = "R5T.T0144", "..\..\R5T.T0144\source\R5T.T0144\R5T.T0144.csproj", "{6081C411-88B0-4E9F-8C2E-AEC153439985}"
EndProject
Project("{9A19103F-16F7-4668-BE54-9A1E7A4F7556}") = "R5T.T0158", "..\..\R5T.T0158\source\R5T.T0158\R5T.T0158.csproj", "{EC292CA6-5F66-43FB-8B66-262572962651}"
EndProject
Project("{9A19103F-16F7-4668-BE54-9A1E7A4F7556}") = "R5T.T0159", "..\..\R5T.T0159\source\R5T.T0159\R5T.T0159.csproj", "{E22C5CB7-333D-421B-AB1E-3FE1C613EDAA}"
EndProject
Project("{9A19103F-16F7-4668-BE54-9A1E7A4F7556}") = "R5T.T0209", "..\..\R5T.T0209\source\R5T.T0209\R5T.T0209.csproj", "{F0C5BEC9-8AB5-4BCE-BEBE-36AD27C26848}"
EndProject
Project("{9A19103F-16F7-4668-BE54-9A1E7A4F7556}") = "R5T.T0210", "..\..\R5T.T0210\source\R5T.T0210\R5T.T0210.csproj", "{AEF370D0-32B4-43BD-81EA-39853DE6AAD0}"
EndProject
Project("{9A19103F-16F7-4668-BE54-9A1E7A4F7556}") = "R5T.Y0004", "..\..\R5T.Y0004\source\R5T.Y0004\R5T.Y0004.csproj", "{709E0E2F-5765-4859-A487-EDE255983455}"
EndProject
Project("{9A19103F-16F7-4668-BE54-9A1E7A4F7556}") = "R5T.Z0005", "..\..\R5T.Z0005\source\R5T.Z0005\R5T.Z0005.csproj", "{C157D818-934B-42D6-B780-D8EB65112D4C}"
EndProject
Project("{9A19103F-16F7-4668-BE54-9A1E7A4F7556}") = "R5T.Z0013", "..\..\R5T.Z0013\source\R5T.Z0013\R5T.Z0013.csproj", "{25FACE22-7065-4AB1-B72C-EE698044160B}"
EndProject
Project("{9A19103F-16F7-4668-BE54-9A1E7A4F7556}") = "R5T.Z0044.Z001", "..\..\R5T.Z0044\source\R5T.Z0044.Z001\R5T.Z0044.Z001.csproj", "{4F4098B0-FCFD-45B3-B25C-C704AE3AB37E}"
EndProject
Project("{9A19103F-16F7-4668-BE54-9A1E7A4F7556}") = "R5T.Z0048", "..\..\R5T.Z0048\source\R5T.Z0048\R5T.Z0048.csproj", "{805DC21E-E5B3-44BB-90B0-F21598F42467}"
EndProject
Global
	GlobalSection(NestedProjects) = preSolution
		{0A75A121-F5AE-464C-BE4F-38C3D4ACAEE1} = {AE2D10A9-690E-4A3F-AFED-6B75186814EB}
		{1C32D11E-C88D-4DC4-8AA9-A0CD92E68974} = {AE2D10A9-690E-4A3F-AFED-6B75186814EB}
		{C6FC62A7-7E42-448C-84D0-5E556811DB71} = {AE2D10A9-690E-4A3F-AFED-6B75186814EB}
		{65DF97AF-E4E0-44BA-970C-3ADB8609DC76} = {AE2D10A9-690E-4A3F-AFED-6B75186814EB}
		{4FB2B122-5E52-457B-8354-7FD9B14ED34F} = {AE2D10A9-690E-4A3F-AFED-6B75186814EB}
		{8BE73AC6-790B-4C21-92E7-8A5107E1B55B} = {AE2D10A9-690E-4A3F-AFED-6B75186814EB}
		{C12A5116-9111-42F3-80E7-8E964AF0D579} = {AE2D10A9-690E-4A3F-AFED-6B75186814EB}
		{8C615E6E-CFC3-4A2D-B0C9-D92D892AD74A} = {AE2D10A9-690E-4A3F-AFED-6B75186814EB}
		{17233680-E87C-4382-8383-CC78B26A5FE4} = {AE2D10A9-690E-4A3F-AFED-6B75186814EB}
		{61B06063-16C4-42BB-AC2E-731D87A19B27} = {AE2D10A9-690E-4A3F-AFED-6B75186814EB}
		{3716227B-8CA1-4C38-A459-7103B583D5B4} = {AE2D10A9-690E-4A3F-AFED-6B75186814EB}
		{ECB7C48E-0921-4D62-B934-D9906FCCC851} = {AE2D10A9-690E-4A3F-AFED-6B75186814EB}
		{D54FF703-D27A-47A9-92FA-0D45FF2F2C9D} = {AE2D10A9-690E-4A3F-AFED-6B75186814EB}
		{DC86EAC2-819A-4B63-B1BC-ADE47E3A17AC} = {AE2D10A9-690E-4A3F-AFED-6B75186814EB}
		{73673657-B6DE-41AD-9844-1E063CEEB2F6} = {AE2D10A9-690E-4A3F-AFED-6B75186814EB}
		{06EC6009-4EA3-4462-B100-E858078460F9} = {AE2D10A9-690E-4A3F-AFED-6B75186814EB}
		{DCEBDFB4-580C-41D8-A5D3-42B2BB2AD0E4} = {AE2D10A9-690E-4A3F-AFED-6B75186814EB}
		{05E6C16E-890B-4E8F-BC59-AE69E5C27A64} = {AE2D10A9-690E-4A3F-AFED-6B75186814EB}
		{B40F00F2-1E81-4136-BA4B-2DE119CB780A} = {AE2D10A9-690E-4A3F-AFED-6B75186814EB}
		{EE1AFCDC-A7C5-4938-9D36-C13541DEB82F} = {AE2D10A9-690E-4A3F-AFED-6B75186814EB}
		{38C5A04E-B7E2-4D00-BDF8-DD6BB7494FC7} = {AE2D10A9-690E-4A3F-AFED-6B75186814EB}
		{60FDE5B3-B603-4E30-B52A-3BCD39B2FC27} = {AE2D10A9-690E-4A3F-AFED-6B75186814EB}
		{E17238F0-378A-45AF-9B79-9ABA94D84489} = {AE2D10A9-690E-4A3F-AFED-6B75186814EB}
		{A0E077BA-2514-4017-B8F2-1ABD937198D8} = {AE2D10A9-690E-4A3F-AFED-6B75186814EB}
		{E655E33B-588A-472F-AD12-50DD370C47D5} = {AE2D10A9-690E-4A3F-AFED-6B75186814EB}
		{079B6384-0ED2-459C-B9C7-4C13C4515F3E} = {AE2D10A9-690E-4A3F-AFED-6B75186814EB}
		{305F2B45-D38A-40B8-89EA-4130376AE6FC} = {AE2D10A9-690E-4A3F-AFED-6B75186814EB}
		{FC49E195-E54D-4E28-9A44-842FFD801525} = {AE2D10A9-690E-4A3F-AFED-6B75186814EB}
		{ECE4C63F-AA6C-4420-B422-9C70EF804606} = {AE2D10A9-690E-4A3F-AFED-6B75186814EB}
		{B8CFE2C7-BE52-4DBC-AACD-71215C586341} = {AE2D10A9-690E-4A3F-AFED-6B75186814EB}
		{C3C7926F-4405-4B5E-90FB-DEB40D59BB08} = {AE2D10A9-690E-4A3F-AFED-6B75186814EB}
		{E31BF496-637A-4D5D-A9F9-1AC4825770FA} = {AE2D10A9-690E-4A3F-AFED-6B75186814EB}
		{5B4E098F-4A29-40EA-8B65-FAA28527E686} = {AE2D10A9-690E-4A3F-AFED-6B75186814EB}
		{A0D47885-E785-4468-B095-DFCDE34B0450} = {AE2D10A9-690E-4A3F-AFED-6B75186814EB}
		{65240988-A3DE-4C82-B320-7B52CBE5D070} = {AE2D10A9-690E-4A3F-AFED-6B75186814EB}
		{5E085CCB-D1F0-45AE-915E-F2430E30D2F5} = {AE2D10A9-690E-4A3F-AFED-6B75186814EB}
		{5087B48E-5B2A-48FB-B94D-36071918026C} = {AE2D10A9-690E-4A3F-AFED-6B75186814EB}
		{7E017873-056B-4D2D-85BB-D1C57B552023} = {AE2D10A9-690E-4A3F-AFED-6B75186814EB}
		{83145905-16C7-4560-B5DD-A1117D10DF81} = {AE2D10A9-690E-4A3F-AFED-6B75186814EB}
		{25F22025-BB4F-48C5-B535-F665EA23085D} = {AE2D10A9-690E-4A3F-AFED-6B75186814EB}
		{9E9690FE-AA2C-4E78-AB5B-40564B622FFB} = {AE2D10A9-690E-4A3F-AFED-6B75186814EB}
		{A6600A20-B743-415A-81ED-07112B6B810A} = {AE2D10A9-690E-4A3F-AFED-6B75186814EB}
		{35F92D5C-41C2-466D-8FF9-22C4684305CE} = {AE2D10A9-690E-4A3F-AFED-6B75186814EB}
		{02D15849-BD4A-419D-B4DD-78EF483AAA07} = {AE2D10A9-690E-4A3F-AFED-6B75186814EB}
		{AF014E3E-E56C-47BF-9ED6-9AA974CDD95F} = {AE2D10A9-690E-4A3F-AFED-6B75186814EB}
		{F21D986B-3744-47F6-84FE-3EB1423680AA} = {AE2D10A9-690E-4A3F-AFED-6B75186814EB}
		{9B609753-1F5D-4984-A51B-9D224FF115A4} = {AE2D10A9-690E-4A3F-AFED-6B75186814EB}
		{89CDC693-B160-4981-9125-2585C48D9B83} = {AE2D10A9-690E-4A3F-AFED-6B75186814EB}
		{A4D57261-36E9-4E8B-BC02-5E5980915FE8} = {AE2D10A9-690E-4A3F-AFED-6B75186814EB}
		{AC48DECD-3FF5-4C0E-9D64-B81FE7C41ACB} = {AE2D10A9-690E-4A3F-AFED-6B75186814EB}
		{7BD6DC7B-5BD0-4C7F-B6AF-BFEBF296952C} = {AE2D10A9-690E-4A3F-AFED-6B75186814EB}
		{CC573C2F-E57A-4C45-89B7-6819634F9589} = {AE2D10A9-690E-4A3F-AFED-6B75186814EB}
		{21CDD934-AA23-4E82-ADE4-7F58A5FF7CB2} = {AE2D10A9-690E-4A3F-AFED-6B75186814EB}
		{7C636E4C-D929-464C-9E9A-3FBBABE30F6A} = {AE2D10A9-690E-4A3F-AFED-6B75186814EB}
		{04083957-DC12-44AA-81C6-2AFF9DDEAD30} = {AE2D10A9-690E-4A3F-AFED-6B75186814EB}
		{774AD159-B463-483D-AFD7-343CA498906B} = {AE2D10A9-690E-4A3F-AFED-6B75186814EB}
		{44DF84A8-19CB-41E7-B850-5E424FC700D2} = {AE2D10A9-690E-4A3F-AFED-6B75186814EB}
		{5991953F-45E0-4423-AF72-35C441B31AF1} = {AE2D10A9-690E-4A3F-AFED-6B75186814EB}
		{3469E4DF-156E-4DE3-BCCE-BB929BE7B912} = {AE2D10A9-690E-4A3F-AFED-6B75186814EB}
		{E124E5A9-FA85-412F-B74B-D91A3884FFB0} = {AE2D10A9-690E-4A3F-AFED-6B75186814EB}
		{288D4EFE-4B53-4A56-B466-3133041910E9} = {AE2D10A9-690E-4A3F-AFED-6B75186814EB}
		{3D2AEE7A-6E67-4178-BC55-2D2B2900D17F} = {AE2D10A9-690E-4A3F-AFED-6B75186814EB}
		{8FA44F7D-805B-4673-812A-34FE00591BB7} = {AE2D10A9-690E-4A3F-AFED-6B75186814EB}
		{350D3A4F-5E7B-49BA-8E48-713AABC3AA59} = {AE2D10A9-690E-4A3F-AFED-6B75186814EB}
		{98772254-D758-484D-9589-F387C436BFF5} = {AE2D10A9-690E-4A3F-AFED-6B75186814EB}
		{230E9680-47FA-45D4-A04B-A379B56984EE} = {AE2D10A9-690E-4A3F-AFED-6B75186814EB}
		{7E8E8379-32A5-4BDD-85D3-C8BD1C1FD509} = {AE2D10A9-690E-4A3F-AFED-6B75186814EB}
		{220EDB7F-516E-411D-A369-B4DF47098166} = {AE2D10A9-690E-4A3F-AFED-6B75186814EB}
		{CF0950BF-982E-4846-803E-07E9CCE66FAD} = {AE2D10A9-690E-4A3F-AFED-6B75186814EB}
		{EFB7BBE9-1BE5-4B0A-9362-180C79B8C2B4} = {AE2D10A9-690E-4A3F-AFED-6B75186814EB}
		{C82BD69A-2E99-4667-80BE-C6E205109774} = {AE2D10A9-690E-4A3F-AFED-6B75186814EB}
		{A559B159-5B9E-418D-A19B-F346FF84FECD} = {AE2D10A9-690E-4A3F-AFED-6B75186814EB}
		{08F52BD0-A509-4BF8-9CF5-250EB16853FC} = {AE2D10A9-690E-4A3F-AFED-6B75186814EB}
		{71EF77F8-8634-464B-A0C8-9FD86384FEA8} = {AE2D10A9-690E-4A3F-AFED-6B75186814EB}
		{1424AA33-D584-4067-BDCE-9B0DB376F4FD} = {AE2D10A9-690E-4A3F-AFED-6B75186814EB}
		{F94564DC-136A-4AE7-BD70-51652DFF67D5} = {AE2D10A9-690E-4A3F-AFED-6B75186814EB}
		{E0358699-151C-4D20-B8AD-33E7AAA9423E} = {AE2D10A9-690E-4A3F-AFED-6B75186814EB}
		{E45B2524-B89D-43A5-8937-288115F159D1} = {AE2D10A9-690E-4A3F-AFED-6B75186814EB}
		{1B15E2DC-99D2-4CF3-A1E7-9DC96546AC3B} = {AE2D10A9-690E-4A3F-AFED-6B75186814EB}
		{2D9225C0-A79A-470D-ACED-FC3B69C00144} = {AE2D10A9-690E-4A3F-AFED-6B75186814EB}
		{D7247542-A2DB-458B-8351-0B737A66F262} = {AE2D10A9-690E-4A3F-AFED-6B75186814EB}
		{9DE5DBE2-1DE6-4B03-A1AD-79C7F0B9381A} = {AE2D10A9-690E-4A3F-AFED-6B75186814EB}
		{3EC6099C-CDA4-454A-B40B-D90B9AF03C78} = {AE2D10A9-690E-4A3F-AFED-6B75186814EB}
		{C51E532C-169F-46F9-AEE8-2D0BED27AD5A} = {AE2D10A9-690E-4A3F-AFED-6B75186814EB}
		{B0A55316-3EFE-4396-8C8E-5243F6341111} = {AE2D10A9-690E-4A3F-AFED-6B75186814EB}
		{5F981707-111B-411B-A51E-5B6BFBB0C9E1} = {AE2D10A9-690E-4A3F-AFED-6B75186814EB}
		{F877797B-3956-4D3F-9A17-75842EDF7E26} = {AE2D10A9-690E-4A3F-AFED-6B75186814EB}
		{F861371F-04C8-4140-8972-36DB96FA046F} = {AE2D10A9-690E-4A3F-AFED-6B75186814EB}
		{A9C85EF0-0741-4913-B553-A2E9EB6C3DDD} = {AE2D10A9-690E-4A3F-AFED-6B75186814EB}
		{D73A7A49-39D8-4A57-A317-1FEAEE2933A7} = {AE2D10A9-690E-4A3F-AFED-6B75186814EB}
		{8B0CA589-845D-4336-8B18-56A8112569BE} = {AE2D10A9-690E-4A3F-AFED-6B75186814EB}
		{3010FA55-7034-4AC2-BE73-832EB064C38E} = {AE2D10A9-690E-4A3F-AFED-6B75186814EB}
		{F472B75A-9CFF-4159-9CF8-CD58758AF153} = {AE2D10A9-690E-4A3F-AFED-6B75186814EB}
		{064C6AEB-E990-4A1B-8845-12BF5CB136BF} = {AE2D10A9-690E-4A3F-AFED-6B75186814EB}
		{E366773F-B4F4-4BB6-BB73-9372C85CCD6F} = {AE2D10A9-690E-4A3F-AFED-6B75186814EB}
		{B387F3C3-A565-4D40-9A2F-024FB4358A73} = {AE2D10A9-690E-4A3F-AFED-6B75186814EB}
		{5A5A26A4-8430-4053-BB93-0BF9F7D4809B} = {AE2D10A9-690E-4A3F-AFED-6B75186814EB}
		{6081C411-88B0-4E9F-8C2E-AEC153439985} = {AE2D10A9-690E-4A3F-AFED-6B75186814EB}
		{EC292CA6-5F66-43FB-8B66-262572962651} = {AE2D10A9-690E-4A3F-AFED-6B75186814EB}
		{E22C5CB7-333D-421B-AB1E-3FE1C613EDAA} = {AE2D10A9-690E-4A3F-AFED-6B75186814EB}
		{F0C5BEC9-8AB5-4BCE-BEBE-36AD27C26848} = {AE2D10A9-690E-4A3F-AFED-6B75186814EB}
		{AEF370D0-32B4-43BD-81EA-39853DE6AAD0} = {AE2D10A9-690E-4A3F-AFED-6B75186814EB}
		{709E0E2F-5765-4859-A487-EDE255983455} = {AE2D10A9-690E-4A3F-AFED-6B75186814EB}
		{C157D818-934B-42D6-B780-D8EB65112D4C} = {AE2D10A9-690E-4A3F-AFED-6B75186814EB}
		{25FACE22-7065-4AB1-B72C-EE698044160B} = {AE2D10A9-690E-4A3F-AFED-6B75186814EB}
		{4F4098B0-FCFD-45B3-B25C-C704AE3AB37E} = {AE2D10A9-690E-4A3F-AFED-6B75186814EB}
		{805DC21E-E5B3-44BB-90B0-F21598F42467} = {AE2D10A9-690E-4A3F-AFED-6B75186814EB}
	EndGlobalSection
	GlobalSection(SolutionConfigurationPlatforms) = preSolution
		Debug|Any CPU = Debug|Any CPU
		Release|Any CPU = Release|Any CPU
	EndGlobalSection
	GlobalSection(ProjectConfigurationPlatforms) = postSolution
		{4A0B5161-E7DA-4179-9C80-4F253AB6B926}.Debug|Any CPU.ActiveCfg = Debug|Any CPU
		{4A0B5161-E7DA-4179-9C80-4F253AB6B926}.Debug|Any CPU.Build.0 = Debug|Any CPU
		{4A0B5161-E7DA-4179-9C80-4F253AB6B926}.Release|Any CPU.ActiveCfg = Release|Any CPU
		{4A0B5161-E7DA-4179-9C80-4F253AB6B926}.Release|Any CPU.Build.0 = Release|Any CPU
		{0A75A121-F5AE-464C-BE4F-38C3D4ACAEE1}.Debug|Any CPU.ActiveCfg = Debug|Any CPU
		{0A75A121-F5AE-464C-BE4F-38C3D4ACAEE1}.Debug|Any CPU.Build.0 = Debug|Any CPU
		{0A75A121-F5AE-464C-BE4F-38C3D4ACAEE1}.Release|Any CPU.ActiveCfg = Release|Any CPU
		{0A75A121-F5AE-464C-BE4F-38C3D4ACAEE1}.Release|Any CPU.Build.0 = Release|Any CPU
		{1C32D11E-C88D-4DC4-8AA9-A0CD92E68974}.Debug|Any CPU.ActiveCfg = Debug|Any CPU
		{1C32D11E-C88D-4DC4-8AA9-A0CD92E68974}.Debug|Any CPU.Build.0 = Debug|Any CPU
		{1C32D11E-C88D-4DC4-8AA9-A0CD92E68974}.Release|Any CPU.ActiveCfg = Release|Any CPU
		{1C32D11E-C88D-4DC4-8AA9-A0CD92E68974}.Release|Any CPU.Build.0 = Release|Any CPU
		{C6FC62A7-7E42-448C-84D0-5E556811DB71}.Debug|Any CPU.ActiveCfg = Debug|Any CPU
		{C6FC62A7-7E42-448C-84D0-5E556811DB71}.Debug|Any CPU.Build.0 = Debug|Any CPU
		{C6FC62A7-7E42-448C-84D0-5E556811DB71}.Release|Any CPU.ActiveCfg = Release|Any CPU
		{C6FC62A7-7E42-448C-84D0-5E556811DB71}.Release|Any CPU.Build.0 = Release|Any CPU
		{65DF97AF-E4E0-44BA-970C-3ADB8609DC76}.Debug|Any CPU.ActiveCfg = Debug|Any CPU
		{65DF97AF-E4E0-44BA-970C-3ADB8609DC76}.Debug|Any CPU.Build.0 = Debug|Any CPU
		{65DF97AF-E4E0-44BA-970C-3ADB8609DC76}.Release|Any CPU.ActiveCfg = Release|Any CPU
		{65DF97AF-E4E0-44BA-970C-3ADB8609DC76}.Release|Any CPU.Build.0 = Release|Any CPU
		{4FB2B122-5E52-457B-8354-7FD9B14ED34F}.Debug|Any CPU.ActiveCfg = Debug|Any CPU
		{4FB2B122-5E52-457B-8354-7FD9B14ED34F}.Debug|Any CPU.Build.0 = Debug|Any CPU
		{4FB2B122-5E52-457B-8354-7FD9B14ED34F}.Release|Any CPU.ActiveCfg = Release|Any CPU
		{4FB2B122-5E52-457B-8354-7FD9B14ED34F}.Release|Any CPU.Build.0 = Release|Any CPU
		{8BE73AC6-790B-4C21-92E7-8A5107E1B55B}.Debug|Any CPU.ActiveCfg = Debug|Any CPU
		{8BE73AC6-790B-4C21-92E7-8A5107E1B55B}.Debug|Any CPU.Build.0 = Debug|Any CPU
		{8BE73AC6-790B-4C21-92E7-8A5107E1B55B}.Release|Any CPU.ActiveCfg = Release|Any CPU
		{8BE73AC6-790B-4C21-92E7-8A5107E1B55B}.Release|Any CPU.Build.0 = Release|Any CPU
		{C12A5116-9111-42F3-80E7-8E964AF0D579}.Debug|Any CPU.ActiveCfg = Debug|Any CPU
		{C12A5116-9111-42F3-80E7-8E964AF0D579}.Debug|Any CPU.Build.0 = Debug|Any CPU
		{C12A5116-9111-42F3-80E7-8E964AF0D579}.Release|Any CPU.ActiveCfg = Release|Any CPU
		{C12A5116-9111-42F3-80E7-8E964AF0D579}.Release|Any CPU.Build.0 = Release|Any CPU
		{8C615E6E-CFC3-4A2D-B0C9-D92D892AD74A}.Debug|Any CPU.ActiveCfg = Debug|Any CPU
		{8C615E6E-CFC3-4A2D-B0C9-D92D892AD74A}.Debug|Any CPU.Build.0 = Debug|Any CPU
		{8C615E6E-CFC3-4A2D-B0C9-D92D892AD74A}.Release|Any CPU.ActiveCfg = Release|Any CPU
		{8C615E6E-CFC3-4A2D-B0C9-D92D892AD74A}.Release|Any CPU.Build.0 = Release|Any CPU
		{17233680-E87C-4382-8383-CC78B26A5FE4}.Debug|Any CPU.ActiveCfg = Debug|Any CPU
		{17233680-E87C-4382-8383-CC78B26A5FE4}.Debug|Any CPU.Build.0 = Debug|Any CPU
		{17233680-E87C-4382-8383-CC78B26A5FE4}.Release|Any CPU.ActiveCfg = Release|Any CPU
		{17233680-E87C-4382-8383-CC78B26A5FE4}.Release|Any CPU.Build.0 = Release|Any CPU
		{61B06063-16C4-42BB-AC2E-731D87A19B27}.Debug|Any CPU.ActiveCfg = Debug|Any CPU
		{61B06063-16C4-42BB-AC2E-731D87A19B27}.Debug|Any CPU.Build.0 = Debug|Any CPU
		{61B06063-16C4-42BB-AC2E-731D87A19B27}.Release|Any CPU.ActiveCfg = Release|Any CPU
		{61B06063-16C4-42BB-AC2E-731D87A19B27}.Release|Any CPU.Build.0 = Release|Any CPU
		{3716227B-8CA1-4C38-A459-7103B583D5B4}.Debug|Any CPU.ActiveCfg = Debug|Any CPU
		{3716227B-8CA1-4C38-A459-7103B583D5B4}.Debug|Any CPU.Build.0 = Debug|Any CPU
		{3716227B-8CA1-4C38-A459-7103B583D5B4}.Release|Any CPU.ActiveCfg = Release|Any CPU
		{3716227B-8CA1-4C38-A459-7103B583D5B4}.Release|Any CPU.Build.0 = Release|Any CPU
		{ECB7C48E-0921-4D62-B934-D9906FCCC851}.Debug|Any CPU.ActiveCfg = Debug|Any CPU
		{ECB7C48E-0921-4D62-B934-D9906FCCC851}.Debug|Any CPU.Build.0 = Debug|Any CPU
		{ECB7C48E-0921-4D62-B934-D9906FCCC851}.Release|Any CPU.ActiveCfg = Release|Any CPU
		{ECB7C48E-0921-4D62-B934-D9906FCCC851}.Release|Any CPU.Build.0 = Release|Any CPU
		{D54FF703-D27A-47A9-92FA-0D45FF2F2C9D}.Debug|Any CPU.ActiveCfg = Debug|Any CPU
		{D54FF703-D27A-47A9-92FA-0D45FF2F2C9D}.Debug|Any CPU.Build.0 = Debug|Any CPU
		{D54FF703-D27A-47A9-92FA-0D45FF2F2C9D}.Release|Any CPU.ActiveCfg = Release|Any CPU
		{D54FF703-D27A-47A9-92FA-0D45FF2F2C9D}.Release|Any CPU.Build.0 = Release|Any CPU
		{DC86EAC2-819A-4B63-B1BC-ADE47E3A17AC}.Debug|Any CPU.ActiveCfg = Debug|Any CPU
		{DC86EAC2-819A-4B63-B1BC-ADE47E3A17AC}.Debug|Any CPU.Build.0 = Debug|Any CPU
		{DC86EAC2-819A-4B63-B1BC-ADE47E3A17AC}.Release|Any CPU.ActiveCfg = Release|Any CPU
		{DC86EAC2-819A-4B63-B1BC-ADE47E3A17AC}.Release|Any CPU.Build.0 = Release|Any CPU
		{73673657-B6DE-41AD-9844-1E063CEEB2F6}.Debug|Any CPU.ActiveCfg = Debug|Any CPU
		{73673657-B6DE-41AD-9844-1E063CEEB2F6}.Debug|Any CPU.Build.0 = Debug|Any CPU
		{73673657-B6DE-41AD-9844-1E063CEEB2F6}.Release|Any CPU.ActiveCfg = Release|Any CPU
		{73673657-B6DE-41AD-9844-1E063CEEB2F6}.Release|Any CPU.Build.0 = Release|Any CPU
		{06EC6009-4EA3-4462-B100-E858078460F9}.Debug|Any CPU.ActiveCfg = Debug|Any CPU
		{06EC6009-4EA3-4462-B100-E858078460F9}.Debug|Any CPU.Build.0 = Debug|Any CPU
		{06EC6009-4EA3-4462-B100-E858078460F9}.Release|Any CPU.ActiveCfg = Release|Any CPU
		{06EC6009-4EA3-4462-B100-E858078460F9}.Release|Any CPU.Build.0 = Release|Any CPU
		{DCEBDFB4-580C-41D8-A5D3-42B2BB2AD0E4}.Debug|Any CPU.ActiveCfg = Debug|Any CPU
		{DCEBDFB4-580C-41D8-A5D3-42B2BB2AD0E4}.Debug|Any CPU.Build.0 = Debug|Any CPU
		{DCEBDFB4-580C-41D8-A5D3-42B2BB2AD0E4}.Release|Any CPU.ActiveCfg = Release|Any CPU
		{DCEBDFB4-580C-41D8-A5D3-42B2BB2AD0E4}.Release|Any CPU.Build.0 = Release|Any CPU
		{05E6C16E-890B-4E8F-BC59-AE69E5C27A64}.Debug|Any CPU.ActiveCfg = Debug|Any CPU
		{05E6C16E-890B-4E8F-BC59-AE69E5C27A64}.Debug|Any CPU.Build.0 = Debug|Any CPU
		{05E6C16E-890B-4E8F-BC59-AE69E5C27A64}.Release|Any CPU.ActiveCfg = Release|Any CPU
		{05E6C16E-890B-4E8F-BC59-AE69E5C27A64}.Release|Any CPU.Build.0 = Release|Any CPU
		{B40F00F2-1E81-4136-BA4B-2DE119CB780A}.Debug|Any CPU.ActiveCfg = Debug|Any CPU
		{B40F00F2-1E81-4136-BA4B-2DE119CB780A}.Debug|Any CPU.Build.0 = Debug|Any CPU
		{B40F00F2-1E81-4136-BA4B-2DE119CB780A}.Release|Any CPU.ActiveCfg = Release|Any CPU
		{B40F00F2-1E81-4136-BA4B-2DE119CB780A}.Release|Any CPU.Build.0 = Release|Any CPU
		{EE1AFCDC-A7C5-4938-9D36-C13541DEB82F}.Debug|Any CPU.ActiveCfg = Debug|Any CPU
		{EE1AFCDC-A7C5-4938-9D36-C13541DEB82F}.Debug|Any CPU.Build.0 = Debug|Any CPU
		{EE1AFCDC-A7C5-4938-9D36-C13541DEB82F}.Release|Any CPU.ActiveCfg = Release|Any CPU
		{EE1AFCDC-A7C5-4938-9D36-C13541DEB82F}.Release|Any CPU.Build.0 = Release|Any CPU
		{38C5A04E-B7E2-4D00-BDF8-DD6BB7494FC7}.Debug|Any CPU.ActiveCfg = Debug|Any CPU
		{38C5A04E-B7E2-4D00-BDF8-DD6BB7494FC7}.Debug|Any CPU.Build.0 = Debug|Any CPU
		{38C5A04E-B7E2-4D00-BDF8-DD6BB7494FC7}.Release|Any CPU.ActiveCfg = Release|Any CPU
		{38C5A04E-B7E2-4D00-BDF8-DD6BB7494FC7}.Release|Any CPU.Build.0 = Release|Any CPU
		{60FDE5B3-B603-4E30-B52A-3BCD39B2FC27}.Debug|Any CPU.ActiveCfg = Debug|Any CPU
		{60FDE5B3-B603-4E30-B52A-3BCD39B2FC27}.Debug|Any CPU.Build.0 = Debug|Any CPU
		{60FDE5B3-B603-4E30-B52A-3BCD39B2FC27}.Release|Any CPU.ActiveCfg = Release|Any CPU
		{60FDE5B3-B603-4E30-B52A-3BCD39B2FC27}.Release|Any CPU.Build.0 = Release|Any CPU
		{E17238F0-378A-45AF-9B79-9ABA94D84489}.Debug|Any CPU.ActiveCfg = Debug|Any CPU
		{E17238F0-378A-45AF-9B79-9ABA94D84489}.Debug|Any CPU.Build.0 = Debug|Any CPU
		{E17238F0-378A-45AF-9B79-9ABA94D84489}.Release|Any CPU.ActiveCfg = Release|Any CPU
		{E17238F0-378A-45AF-9B79-9ABA94D84489}.Release|Any CPU.Build.0 = Release|Any CPU
		{A0E077BA-2514-4017-B8F2-1ABD937198D8}.Debug|Any CPU.ActiveCfg = Debug|Any CPU
		{A0E077BA-2514-4017-B8F2-1ABD937198D8}.Debug|Any CPU.Build.0 = Debug|Any CPU
		{A0E077BA-2514-4017-B8F2-1ABD937198D8}.Release|Any CPU.ActiveCfg = Release|Any CPU
		{A0E077BA-2514-4017-B8F2-1ABD937198D8}.Release|Any CPU.Build.0 = Release|Any CPU
		{E655E33B-588A-472F-AD12-50DD370C47D5}.Debug|Any CPU.ActiveCfg = Debug|Any CPU
		{E655E33B-588A-472F-AD12-50DD370C47D5}.Debug|Any CPU.Build.0 = Debug|Any CPU
		{E655E33B-588A-472F-AD12-50DD370C47D5}.Release|Any CPU.ActiveCfg = Release|Any CPU
		{E655E33B-588A-472F-AD12-50DD370C47D5}.Release|Any CPU.Build.0 = Release|Any CPU
		{079B6384-0ED2-459C-B9C7-4C13C4515F3E}.Debug|Any CPU.ActiveCfg = Debug|Any CPU
		{079B6384-0ED2-459C-B9C7-4C13C4515F3E}.Debug|Any CPU.Build.0 = Debug|Any CPU
		{079B6384-0ED2-459C-B9C7-4C13C4515F3E}.Release|Any CPU.ActiveCfg = Release|Any CPU
		{079B6384-0ED2-459C-B9C7-4C13C4515F3E}.Release|Any CPU.Build.0 = Release|Any CPU
		{305F2B45-D38A-40B8-89EA-4130376AE6FC}.Debug|Any CPU.ActiveCfg = Debug|Any CPU
		{305F2B45-D38A-40B8-89EA-4130376AE6FC}.Debug|Any CPU.Build.0 = Debug|Any CPU
		{305F2B45-D38A-40B8-89EA-4130376AE6FC}.Release|Any CPU.ActiveCfg = Release|Any CPU
		{305F2B45-D38A-40B8-89EA-4130376AE6FC}.Release|Any CPU.Build.0 = Release|Any CPU
		{FC49E195-E54D-4E28-9A44-842FFD801525}.Debug|Any CPU.ActiveCfg = Debug|Any CPU
		{FC49E195-E54D-4E28-9A44-842FFD801525}.Debug|Any CPU.Build.0 = Debug|Any CPU
		{FC49E195-E54D-4E28-9A44-842FFD801525}.Release|Any CPU.ActiveCfg = Release|Any CPU
		{FC49E195-E54D-4E28-9A44-842FFD801525}.Release|Any CPU.Build.0 = Release|Any CPU
		{ECE4C63F-AA6C-4420-B422-9C70EF804606}.Debug|Any CPU.ActiveCfg = Debug|Any CPU
		{ECE4C63F-AA6C-4420-B422-9C70EF804606}.Debug|Any CPU.Build.0 = Debug|Any CPU
		{ECE4C63F-AA6C-4420-B422-9C70EF804606}.Release|Any CPU.ActiveCfg = Release|Any CPU
		{ECE4C63F-AA6C-4420-B422-9C70EF804606}.Release|Any CPU.Build.0 = Release|Any CPU
		{B8CFE2C7-BE52-4DBC-AACD-71215C586341}.Debug|Any CPU.ActiveCfg = Debug|Any CPU
		{B8CFE2C7-BE52-4DBC-AACD-71215C586341}.Debug|Any CPU.Build.0 = Debug|Any CPU
		{B8CFE2C7-BE52-4DBC-AACD-71215C586341}.Release|Any CPU.ActiveCfg = Release|Any CPU
		{B8CFE2C7-BE52-4DBC-AACD-71215C586341}.Release|Any CPU.Build.0 = Release|Any CPU
		{C3C7926F-4405-4B5E-90FB-DEB40D59BB08}.Debug|Any CPU.ActiveCfg = Debug|Any CPU
		{C3C7926F-4405-4B5E-90FB-DEB40D59BB08}.Debug|Any CPU.Build.0 = Debug|Any CPU
		{C3C7926F-4405-4B5E-90FB-DEB40D59BB08}.Release|Any CPU.ActiveCfg = Release|Any CPU
		{C3C7926F-4405-4B5E-90FB-DEB40D59BB08}.Release|Any CPU.Build.0 = Release|Any CPU
		{E31BF496-637A-4D5D-A9F9-1AC4825770FA}.Debug|Any CPU.ActiveCfg = Debug|Any CPU
		{E31BF496-637A-4D5D-A9F9-1AC4825770FA}.Debug|Any CPU.Build.0 = Debug|Any CPU
		{E31BF496-637A-4D5D-A9F9-1AC4825770FA}.Release|Any CPU.ActiveCfg = Release|Any CPU
		{E31BF496-637A-4D5D-A9F9-1AC4825770FA}.Release|Any CPU.Build.0 = Release|Any CPU
		{5B4E098F-4A29-40EA-8B65-FAA28527E686}.Debug|Any CPU.ActiveCfg = Debug|Any CPU
		{5B4E098F-4A29-40EA-8B65-FAA28527E686}.Debug|Any CPU.Build.0 = Debug|Any CPU
		{5B4E098F-4A29-40EA-8B65-FAA28527E686}.Release|Any CPU.ActiveCfg = Release|Any CPU
		{5B4E098F-4A29-40EA-8B65-FAA28527E686}.Release|Any CPU.Build.0 = Release|Any CPU
		{A0D47885-E785-4468-B095-DFCDE34B0450}.Debug|Any CPU.ActiveCfg = Debug|Any CPU
		{A0D47885-E785-4468-B095-DFCDE34B0450}.Debug|Any CPU.Build.0 = Debug|Any CPU
		{A0D47885-E785-4468-B095-DFCDE34B0450}.Release|Any CPU.ActiveCfg = Release|Any CPU
		{A0D47885-E785-4468-B095-DFCDE34B0450}.Release|Any CPU.Build.0 = Release|Any CPU
		{65240988-A3DE-4C82-B320-7B52CBE5D070}.Debug|Any CPU.ActiveCfg = Debug|Any CPU
		{65240988-A3DE-4C82-B320-7B52CBE5D070}.Debug|Any CPU.Build.0 = Debug|Any CPU
		{65240988-A3DE-4C82-B320-7B52CBE5D070}.Release|Any CPU.ActiveCfg = Release|Any CPU
		{65240988-A3DE-4C82-B320-7B52CBE5D070}.Release|Any CPU.Build.0 = Release|Any CPU
		{5E085CCB-D1F0-45AE-915E-F2430E30D2F5}.Debug|Any CPU.ActiveCfg = Debug|Any CPU
		{5E085CCB-D1F0-45AE-915E-F2430E30D2F5}.Debug|Any CPU.Build.0 = Debug|Any CPU
		{5E085CCB-D1F0-45AE-915E-F2430E30D2F5}.Release|Any CPU.ActiveCfg = Release|Any CPU
		{5E085CCB-D1F0-45AE-915E-F2430E30D2F5}.Release|Any CPU.Build.0 = Release|Any CPU
		{5087B48E-5B2A-48FB-B94D-36071918026C}.Debug|Any CPU.ActiveCfg = Debug|Any CPU
		{5087B48E-5B2A-48FB-B94D-36071918026C}.Debug|Any CPU.Build.0 = Debug|Any CPU
		{5087B48E-5B2A-48FB-B94D-36071918026C}.Release|Any CPU.ActiveCfg = Release|Any CPU
		{5087B48E-5B2A-48FB-B94D-36071918026C}.Release|Any CPU.Build.0 = Release|Any CPU
		{7E017873-056B-4D2D-85BB-D1C57B552023}.Debug|Any CPU.ActiveCfg = Debug|Any CPU
		{7E017873-056B-4D2D-85BB-D1C57B552023}.Debug|Any CPU.Build.0 = Debug|Any CPU
		{7E017873-056B-4D2D-85BB-D1C57B552023}.Release|Any CPU.ActiveCfg = Release|Any CPU
		{7E017873-056B-4D2D-85BB-D1C57B552023}.Release|Any CPU.Build.0 = Release|Any CPU
		{83145905-16C7-4560-B5DD-A1117D10DF81}.Debug|Any CPU.ActiveCfg = Debug|Any CPU
		{83145905-16C7-4560-B5DD-A1117D10DF81}.Debug|Any CPU.Build.0 = Debug|Any CPU
		{83145905-16C7-4560-B5DD-A1117D10DF81}.Release|Any CPU.ActiveCfg = Release|Any CPU
		{83145905-16C7-4560-B5DD-A1117D10DF81}.Release|Any CPU.Build.0 = Release|Any CPU
		{25F22025-BB4F-48C5-B535-F665EA23085D}.Debug|Any CPU.ActiveCfg = Debug|Any CPU
		{25F22025-BB4F-48C5-B535-F665EA23085D}.Debug|Any CPU.Build.0 = Debug|Any CPU
		{25F22025-BB4F-48C5-B535-F665EA23085D}.Release|Any CPU.ActiveCfg = Release|Any CPU
		{25F22025-BB4F-48C5-B535-F665EA23085D}.Release|Any CPU.Build.0 = Release|Any CPU
		{9E9690FE-AA2C-4E78-AB5B-40564B622FFB}.Debug|Any CPU.ActiveCfg = Debug|Any CPU
		{9E9690FE-AA2C-4E78-AB5B-40564B622FFB}.Debug|Any CPU.Build.0 = Debug|Any CPU
		{9E9690FE-AA2C-4E78-AB5B-40564B622FFB}.Release|Any CPU.ActiveCfg = Release|Any CPU
		{9E9690FE-AA2C-4E78-AB5B-40564B622FFB}.Release|Any CPU.Build.0 = Release|Any CPU
		{A6600A20-B743-415A-81ED-07112B6B810A}.Debug|Any CPU.ActiveCfg = Debug|Any CPU
		{A6600A20-B743-415A-81ED-07112B6B810A}.Debug|Any CPU.Build.0 = Debug|Any CPU
		{A6600A20-B743-415A-81ED-07112B6B810A}.Release|Any CPU.ActiveCfg = Release|Any CPU
		{A6600A20-B743-415A-81ED-07112B6B810A}.Release|Any CPU.Build.0 = Release|Any CPU
		{35F92D5C-41C2-466D-8FF9-22C4684305CE}.Debug|Any CPU.ActiveCfg = Debug|Any CPU
		{35F92D5C-41C2-466D-8FF9-22C4684305CE}.Debug|Any CPU.Build.0 = Debug|Any CPU
		{35F92D5C-41C2-466D-8FF9-22C4684305CE}.Release|Any CPU.ActiveCfg = Release|Any CPU
		{35F92D5C-41C2-466D-8FF9-22C4684305CE}.Release|Any CPU.Build.0 = Release|Any CPU
		{02D15849-BD4A-419D-B4DD-78EF483AAA07}.Debug|Any CPU.ActiveCfg = Debug|Any CPU
		{02D15849-BD4A-419D-B4DD-78EF483AAA07}.Debug|Any CPU.Build.0 = Debug|Any CPU
		{02D15849-BD4A-419D-B4DD-78EF483AAA07}.Release|Any CPU.ActiveCfg = Release|Any CPU
		{02D15849-BD4A-419D-B4DD-78EF483AAA07}.Release|Any CPU.Build.0 = Release|Any CPU
		{AF014E3E-E56C-47BF-9ED6-9AA974CDD95F}.Debug|Any CPU.ActiveCfg = Debug|Any CPU
		{AF014E3E-E56C-47BF-9ED6-9AA974CDD95F}.Debug|Any CPU.Build.0 = Debug|Any CPU
		{AF014E3E-E56C-47BF-9ED6-9AA974CDD95F}.Release|Any CPU.ActiveCfg = Release|Any CPU
		{AF014E3E-E56C-47BF-9ED6-9AA974CDD95F}.Release|Any CPU.Build.0 = Release|Any CPU
		{F21D986B-3744-47F6-84FE-3EB1423680AA}.Debug|Any CPU.ActiveCfg = Debug|Any CPU
		{F21D986B-3744-47F6-84FE-3EB1423680AA}.Debug|Any CPU.Build.0 = Debug|Any CPU
		{F21D986B-3744-47F6-84FE-3EB1423680AA}.Release|Any CPU.ActiveCfg = Release|Any CPU
		{F21D986B-3744-47F6-84FE-3EB1423680AA}.Release|Any CPU.Build.0 = Release|Any CPU
		{9B609753-1F5D-4984-A51B-9D224FF115A4}.Debug|Any CPU.ActiveCfg = Debug|Any CPU
		{9B609753-1F5D-4984-A51B-9D224FF115A4}.Debug|Any CPU.Build.0 = Debug|Any CPU
		{9B609753-1F5D-4984-A51B-9D224FF115A4}.Release|Any CPU.ActiveCfg = Release|Any CPU
		{9B609753-1F5D-4984-A51B-9D224FF115A4}.Release|Any CPU.Build.0 = Release|Any CPU
		{89CDC693-B160-4981-9125-2585C48D9B83}.Debug|Any CPU.ActiveCfg = Debug|Any CPU
		{89CDC693-B160-4981-9125-2585C48D9B83}.Debug|Any CPU.Build.0 = Debug|Any CPU
		{89CDC693-B160-4981-9125-2585C48D9B83}.Release|Any CPU.ActiveCfg = Release|Any CPU
		{89CDC693-B160-4981-9125-2585C48D9B83}.Release|Any CPU.Build.0 = Release|Any CPU
		{A4D57261-36E9-4E8B-BC02-5E5980915FE8}.Debug|Any CPU.ActiveCfg = Debug|Any CPU
		{A4D57261-36E9-4E8B-BC02-5E5980915FE8}.Debug|Any CPU.Build.0 = Debug|Any CPU
		{A4D57261-36E9-4E8B-BC02-5E5980915FE8}.Release|Any CPU.ActiveCfg = Release|Any CPU
		{A4D57261-36E9-4E8B-BC02-5E5980915FE8}.Release|Any CPU.Build.0 = Release|Any CPU
		{AC48DECD-3FF5-4C0E-9D64-B81FE7C41ACB}.Debug|Any CPU.ActiveCfg = Debug|Any CPU
		{AC48DECD-3FF5-4C0E-9D64-B81FE7C41ACB}.Debug|Any CPU.Build.0 = Debug|Any CPU
		{AC48DECD-3FF5-4C0E-9D64-B81FE7C41ACB}.Release|Any CPU.ActiveCfg = Release|Any CPU
		{AC48DECD-3FF5-4C0E-9D64-B81FE7C41ACB}.Release|Any CPU.Build.0 = Release|Any CPU
		{7BD6DC7B-5BD0-4C7F-B6AF-BFEBF296952C}.Debug|Any CPU.ActiveCfg = Debug|Any CPU
		{7BD6DC7B-5BD0-4C7F-B6AF-BFEBF296952C}.Debug|Any CPU.Build.0 = Debug|Any CPU
		{7BD6DC7B-5BD0-4C7F-B6AF-BFEBF296952C}.Release|Any CPU.ActiveCfg = Release|Any CPU
		{7BD6DC7B-5BD0-4C7F-B6AF-BFEBF296952C}.Release|Any CPU.Build.0 = Release|Any CPU
		{CC573C2F-E57A-4C45-89B7-6819634F9589}.Debug|Any CPU.ActiveCfg = Debug|Any CPU
		{CC573C2F-E57A-4C45-89B7-6819634F9589}.Debug|Any CPU.Build.0 = Debug|Any CPU
		{CC573C2F-E57A-4C45-89B7-6819634F9589}.Release|Any CPU.ActiveCfg = Release|Any CPU
		{CC573C2F-E57A-4C45-89B7-6819634F9589}.Release|Any CPU.Build.0 = Release|Any CPU
		{21CDD934-AA23-4E82-ADE4-7F58A5FF7CB2}.Debug|Any CPU.ActiveCfg = Debug|Any CPU
		{21CDD934-AA23-4E82-ADE4-7F58A5FF7CB2}.Debug|Any CPU.Build.0 = Debug|Any CPU
		{21CDD934-AA23-4E82-ADE4-7F58A5FF7CB2}.Release|Any CPU.ActiveCfg = Release|Any CPU
		{21CDD934-AA23-4E82-ADE4-7F58A5FF7CB2}.Release|Any CPU.Build.0 = Release|Any CPU
		{7C636E4C-D929-464C-9E9A-3FBBABE30F6A}.Debug|Any CPU.ActiveCfg = Debug|Any CPU
		{7C636E4C-D929-464C-9E9A-3FBBABE30F6A}.Debug|Any CPU.Build.0 = Debug|Any CPU
		{7C636E4C-D929-464C-9E9A-3FBBABE30F6A}.Release|Any CPU.ActiveCfg = Release|Any CPU
		{7C636E4C-D929-464C-9E9A-3FBBABE30F6A}.Release|Any CPU.Build.0 = Release|Any CPU
		{04083957-DC12-44AA-81C6-2AFF9DDEAD30}.Debug|Any CPU.ActiveCfg = Debug|Any CPU
		{04083957-DC12-44AA-81C6-2AFF9DDEAD30}.Debug|Any CPU.Build.0 = Debug|Any CPU
		{04083957-DC12-44AA-81C6-2AFF9DDEAD30}.Release|Any CPU.ActiveCfg = Release|Any CPU
		{04083957-DC12-44AA-81C6-2AFF9DDEAD30}.Release|Any CPU.Build.0 = Release|Any CPU
		{774AD159-B463-483D-AFD7-343CA498906B}.Debug|Any CPU.ActiveCfg = Debug|Any CPU
		{774AD159-B463-483D-AFD7-343CA498906B}.Debug|Any CPU.Build.0 = Debug|Any CPU
		{774AD159-B463-483D-AFD7-343CA498906B}.Release|Any CPU.ActiveCfg = Release|Any CPU
		{774AD159-B463-483D-AFD7-343CA498906B}.Release|Any CPU.Build.0 = Release|Any CPU
		{44DF84A8-19CB-41E7-B850-5E424FC700D2}.Debug|Any CPU.ActiveCfg = Debug|Any CPU
		{44DF84A8-19CB-41E7-B850-5E424FC700D2}.Debug|Any CPU.Build.0 = Debug|Any CPU
		{44DF84A8-19CB-41E7-B850-5E424FC700D2}.Release|Any CPU.ActiveCfg = Release|Any CPU
		{44DF84A8-19CB-41E7-B850-5E424FC700D2}.Release|Any CPU.Build.0 = Release|Any CPU
		{5991953F-45E0-4423-AF72-35C441B31AF1}.Debug|Any CPU.ActiveCfg = Debug|Any CPU
		{5991953F-45E0-4423-AF72-35C441B31AF1}.Debug|Any CPU.Build.0 = Debug|Any CPU
		{5991953F-45E0-4423-AF72-35C441B31AF1}.Release|Any CPU.ActiveCfg = Release|Any CPU
		{5991953F-45E0-4423-AF72-35C441B31AF1}.Release|Any CPU.Build.0 = Release|Any CPU
		{3469E4DF-156E-4DE3-BCCE-BB929BE7B912}.Debug|Any CPU.ActiveCfg = Debug|Any CPU
		{3469E4DF-156E-4DE3-BCCE-BB929BE7B912}.Debug|Any CPU.Build.0 = Debug|Any CPU
		{3469E4DF-156E-4DE3-BCCE-BB929BE7B912}.Release|Any CPU.ActiveCfg = Release|Any CPU
		{3469E4DF-156E-4DE3-BCCE-BB929BE7B912}.Release|Any CPU.Build.0 = Release|Any CPU
		{E124E5A9-FA85-412F-B74B-D91A3884FFB0}.Debug|Any CPU.ActiveCfg = Debug|Any CPU
		{E124E5A9-FA85-412F-B74B-D91A3884FFB0}.Debug|Any CPU.Build.0 = Debug|Any CPU
		{E124E5A9-FA85-412F-B74B-D91A3884FFB0}.Release|Any CPU.ActiveCfg = Release|Any CPU
		{E124E5A9-FA85-412F-B74B-D91A3884FFB0}.Release|Any CPU.Build.0 = Release|Any CPU
		{288D4EFE-4B53-4A56-B466-3133041910E9}.Debug|Any CPU.ActiveCfg = Debug|Any CPU
		{288D4EFE-4B53-4A56-B466-3133041910E9}.Debug|Any CPU.Build.0 = Debug|Any CPU
		{288D4EFE-4B53-4A56-B466-3133041910E9}.Release|Any CPU.ActiveCfg = Release|Any CPU
		{288D4EFE-4B53-4A56-B466-3133041910E9}.Release|Any CPU.Build.0 = Release|Any CPU
		{3D2AEE7A-6E67-4178-BC55-2D2B2900D17F}.Debug|Any CPU.ActiveCfg = Debug|Any CPU
		{3D2AEE7A-6E67-4178-BC55-2D2B2900D17F}.Debug|Any CPU.Build.0 = Debug|Any CPU
		{3D2AEE7A-6E67-4178-BC55-2D2B2900D17F}.Release|Any CPU.ActiveCfg = Release|Any CPU
		{3D2AEE7A-6E67-4178-BC55-2D2B2900D17F}.Release|Any CPU.Build.0 = Release|Any CPU
		{8FA44F7D-805B-4673-812A-34FE00591BB7}.Debug|Any CPU.ActiveCfg = Debug|Any CPU
		{8FA44F7D-805B-4673-812A-34FE00591BB7}.Debug|Any CPU.Build.0 = Debug|Any CPU
		{8FA44F7D-805B-4673-812A-34FE00591BB7}.Release|Any CPU.ActiveCfg = Release|Any CPU
		{8FA44F7D-805B-4673-812A-34FE00591BB7}.Release|Any CPU.Build.0 = Release|Any CPU
		{350D3A4F-5E7B-49BA-8E48-713AABC3AA59}.Debug|Any CPU.ActiveCfg = Debug|Any CPU
		{350D3A4F-5E7B-49BA-8E48-713AABC3AA59}.Debug|Any CPU.Build.0 = Debug|Any CPU
		{350D3A4F-5E7B-49BA-8E48-713AABC3AA59}.Release|Any CPU.ActiveCfg = Release|Any CPU
		{350D3A4F-5E7B-49BA-8E48-713AABC3AA59}.Release|Any CPU.Build.0 = Release|Any CPU
		{98772254-D758-484D-9589-F387C436BFF5}.Debug|Any CPU.ActiveCfg = Debug|Any CPU
		{98772254-D758-484D-9589-F387C436BFF5}.Debug|Any CPU.Build.0 = Debug|Any CPU
		{98772254-D758-484D-9589-F387C436BFF5}.Release|Any CPU.ActiveCfg = Release|Any CPU
		{98772254-D758-484D-9589-F387C436BFF5}.Release|Any CPU.Build.0 = Release|Any CPU
		{230E9680-47FA-45D4-A04B-A379B56984EE}.Debug|Any CPU.ActiveCfg = Debug|Any CPU
		{230E9680-47FA-45D4-A04B-A379B56984EE}.Debug|Any CPU.Build.0 = Debug|Any CPU
		{230E9680-47FA-45D4-A04B-A379B56984EE}.Release|Any CPU.ActiveCfg = Release|Any CPU
		{230E9680-47FA-45D4-A04B-A379B56984EE}.Release|Any CPU.Build.0 = Release|Any CPU
		{7E8E8379-32A5-4BDD-85D3-C8BD1C1FD509}.Debug|Any CPU.ActiveCfg = Debug|Any CPU
		{7E8E8379-32A5-4BDD-85D3-C8BD1C1FD509}.Debug|Any CPU.Build.0 = Debug|Any CPU
		{7E8E8379-32A5-4BDD-85D3-C8BD1C1FD509}.Release|Any CPU.ActiveCfg = Release|Any CPU
		{7E8E8379-32A5-4BDD-85D3-C8BD1C1FD509}.Release|Any CPU.Build.0 = Release|Any CPU
		{220EDB7F-516E-411D-A369-B4DF47098166}.Debug|Any CPU.ActiveCfg = Debug|Any CPU
		{220EDB7F-516E-411D-A369-B4DF47098166}.Debug|Any CPU.Build.0 = Debug|Any CPU
		{220EDB7F-516E-411D-A369-B4DF47098166}.Release|Any CPU.ActiveCfg = Release|Any CPU
		{220EDB7F-516E-411D-A369-B4DF47098166}.Release|Any CPU.Build.0 = Release|Any CPU
		{CF0950BF-982E-4846-803E-07E9CCE66FAD}.Debug|Any CPU.ActiveCfg = Debug|Any CPU
		{CF0950BF-982E-4846-803E-07E9CCE66FAD}.Debug|Any CPU.Build.0 = Debug|Any CPU
		{CF0950BF-982E-4846-803E-07E9CCE66FAD}.Release|Any CPU.ActiveCfg = Release|Any CPU
		{CF0950BF-982E-4846-803E-07E9CCE66FAD}.Release|Any CPU.Build.0 = Release|Any CPU
		{EFB7BBE9-1BE5-4B0A-9362-180C79B8C2B4}.Debug|Any CPU.ActiveCfg = Debug|Any CPU
		{EFB7BBE9-1BE5-4B0A-9362-180C79B8C2B4}.Debug|Any CPU.Build.0 = Debug|Any CPU
		{EFB7BBE9-1BE5-4B0A-9362-180C79B8C2B4}.Release|Any CPU.ActiveCfg = Release|Any CPU
		{EFB7BBE9-1BE5-4B0A-9362-180C79B8C2B4}.Release|Any CPU.Build.0 = Release|Any CPU
		{C82BD69A-2E99-4667-80BE-C6E205109774}.Debug|Any CPU.ActiveCfg = Debug|Any CPU
		{C82BD69A-2E99-4667-80BE-C6E205109774}.Debug|Any CPU.Build.0 = Debug|Any CPU
		{C82BD69A-2E99-4667-80BE-C6E205109774}.Release|Any CPU.ActiveCfg = Release|Any CPU
		{C82BD69A-2E99-4667-80BE-C6E205109774}.Release|Any CPU.Build.0 = Release|Any CPU
		{A559B159-5B9E-418D-A19B-F346FF84FECD}.Debug|Any CPU.ActiveCfg = Debug|Any CPU
		{A559B159-5B9E-418D-A19B-F346FF84FECD}.Debug|Any CPU.Build.0 = Debug|Any CPU
		{A559B159-5B9E-418D-A19B-F346FF84FECD}.Release|Any CPU.ActiveCfg = Release|Any CPU
		{A559B159-5B9E-418D-A19B-F346FF84FECD}.Release|Any CPU.Build.0 = Release|Any CPU
		{08F52BD0-A509-4BF8-9CF5-250EB16853FC}.Debug|Any CPU.ActiveCfg = Debug|Any CPU
		{08F52BD0-A509-4BF8-9CF5-250EB16853FC}.Debug|Any CPU.Build.0 = Debug|Any CPU
		{08F52BD0-A509-4BF8-9CF5-250EB16853FC}.Release|Any CPU.ActiveCfg = Release|Any CPU
		{08F52BD0-A509-4BF8-9CF5-250EB16853FC}.Release|Any CPU.Build.0 = Release|Any CPU
		{71EF77F8-8634-464B-A0C8-9FD86384FEA8}.Debug|Any CPU.ActiveCfg = Debug|Any CPU
		{71EF77F8-8634-464B-A0C8-9FD86384FEA8}.Debug|Any CPU.Build.0 = Debug|Any CPU
		{71EF77F8-8634-464B-A0C8-9FD86384FEA8}.Release|Any CPU.ActiveCfg = Release|Any CPU
		{71EF77F8-8634-464B-A0C8-9FD86384FEA8}.Release|Any CPU.Build.0 = Release|Any CPU
		{1424AA33-D584-4067-BDCE-9B0DB376F4FD}.Debug|Any CPU.ActiveCfg = Debug|Any CPU
		{1424AA33-D584-4067-BDCE-9B0DB376F4FD}.Debug|Any CPU.Build.0 = Debug|Any CPU
		{1424AA33-D584-4067-BDCE-9B0DB376F4FD}.Release|Any CPU.ActiveCfg = Release|Any CPU
		{1424AA33-D584-4067-BDCE-9B0DB376F4FD}.Release|Any CPU.Build.0 = Release|Any CPU
		{F94564DC-136A-4AE7-BD70-51652DFF67D5}.Debug|Any CPU.ActiveCfg = Debug|Any CPU
		{F94564DC-136A-4AE7-BD70-51652DFF67D5}.Debug|Any CPU.Build.0 = Debug|Any CPU
		{F94564DC-136A-4AE7-BD70-51652DFF67D5}.Release|Any CPU.ActiveCfg = Release|Any CPU
		{F94564DC-136A-4AE7-BD70-51652DFF67D5}.Release|Any CPU.Build.0 = Release|Any CPU
		{E0358699-151C-4D20-B8AD-33E7AAA9423E}.Debug|Any CPU.ActiveCfg = Debug|Any CPU
		{E0358699-151C-4D20-B8AD-33E7AAA9423E}.Debug|Any CPU.Build.0 = Debug|Any CPU
		{E0358699-151C-4D20-B8AD-33E7AAA9423E}.Release|Any CPU.ActiveCfg = Release|Any CPU
		{E0358699-151C-4D20-B8AD-33E7AAA9423E}.Release|Any CPU.Build.0 = Release|Any CPU
		{E45B2524-B89D-43A5-8937-288115F159D1}.Debug|Any CPU.ActiveCfg = Debug|Any CPU
		{E45B2524-B89D-43A5-8937-288115F159D1}.Debug|Any CPU.Build.0 = Debug|Any CPU
		{E45B2524-B89D-43A5-8937-288115F159D1}.Release|Any CPU.ActiveCfg = Release|Any CPU
		{E45B2524-B89D-43A5-8937-288115F159D1}.Release|Any CPU.Build.0 = Release|Any CPU
		{1B15E2DC-99D2-4CF3-A1E7-9DC96546AC3B}.Debug|Any CPU.ActiveCfg = Debug|Any CPU
		{1B15E2DC-99D2-4CF3-A1E7-9DC96546AC3B}.Debug|Any CPU.Build.0 = Debug|Any CPU
		{1B15E2DC-99D2-4CF3-A1E7-9DC96546AC3B}.Release|Any CPU.ActiveCfg = Release|Any CPU
		{1B15E2DC-99D2-4CF3-A1E7-9DC96546AC3B}.Release|Any CPU.Build.0 = Release|Any CPU
		{2D9225C0-A79A-470D-ACED-FC3B69C00144}.Debug|Any CPU.ActiveCfg = Debug|Any CPU
		{2D9225C0-A79A-470D-ACED-FC3B69C00144}.Debug|Any CPU.Build.0 = Debug|Any CPU
		{2D9225C0-A79A-470D-ACED-FC3B69C00144}.Release|Any CPU.ActiveCfg = Release|Any CPU
		{2D9225C0-A79A-470D-ACED-FC3B69C00144}.Release|Any CPU.Build.0 = Release|Any CPU
		{D7247542-A2DB-458B-8351-0B737A66F262}.Debug|Any CPU.ActiveCfg = Debug|Any CPU
		{D7247542-A2DB-458B-8351-0B737A66F262}.Debug|Any CPU.Build.0 = Debug|Any CPU
		{D7247542-A2DB-458B-8351-0B737A66F262}.Release|Any CPU.ActiveCfg = Release|Any CPU
		{D7247542-A2DB-458B-8351-0B737A66F262}.Release|Any CPU.Build.0 = Release|Any CPU
		{9DE5DBE2-1DE6-4B03-A1AD-79C7F0B9381A}.Debug|Any CPU.ActiveCfg = Debug|Any CPU
		{9DE5DBE2-1DE6-4B03-A1AD-79C7F0B9381A}.Debug|Any CPU.Build.0 = Debug|Any CPU
		{9DE5DBE2-1DE6-4B03-A1AD-79C7F0B9381A}.Release|Any CPU.ActiveCfg = Release|Any CPU
		{9DE5DBE2-1DE6-4B03-A1AD-79C7F0B9381A}.Release|Any CPU.Build.0 = Release|Any CPU
		{3EC6099C-CDA4-454A-B40B-D90B9AF03C78}.Debug|Any CPU.ActiveCfg = Debug|Any CPU
		{3EC6099C-CDA4-454A-B40B-D90B9AF03C78}.Debug|Any CPU.Build.0 = Debug|Any CPU
		{3EC6099C-CDA4-454A-B40B-D90B9AF03C78}.Release|Any CPU.ActiveCfg = Release|Any CPU
		{3EC6099C-CDA4-454A-B40B-D90B9AF03C78}.Release|Any CPU.Build.0 = Release|Any CPU
		{C51E532C-169F-46F9-AEE8-2D0BED27AD5A}.Debug|Any CPU.ActiveCfg = Debug|Any CPU
		{C51E532C-169F-46F9-AEE8-2D0BED27AD5A}.Debug|Any CPU.Build.0 = Debug|Any CPU
		{C51E532C-169F-46F9-AEE8-2D0BED27AD5A}.Release|Any CPU.ActiveCfg = Release|Any CPU
		{C51E532C-169F-46F9-AEE8-2D0BED27AD5A}.Release|Any CPU.Build.0 = Release|Any CPU
		{B0A55316-3EFE-4396-8C8E-5243F6341111}.Debug|Any CPU.ActiveCfg = Debug|Any CPU
		{B0A55316-3EFE-4396-8C8E-5243F6341111}.Debug|Any CPU.Build.0 = Debug|Any CPU
		{B0A55316-3EFE-4396-8C8E-5243F6341111}.Release|Any CPU.ActiveCfg = Release|Any CPU
		{B0A55316-3EFE-4396-8C8E-5243F6341111}.Release|Any CPU.Build.0 = Release|Any CPU
		{5F981707-111B-411B-A51E-5B6BFBB0C9E1}.Debug|Any CPU.ActiveCfg = Debug|Any CPU
		{5F981707-111B-411B-A51E-5B6BFBB0C9E1}.Debug|Any CPU.Build.0 = Debug|Any CPU
		{5F981707-111B-411B-A51E-5B6BFBB0C9E1}.Release|Any CPU.ActiveCfg = Release|Any CPU
		{5F981707-111B-411B-A51E-5B6BFBB0C9E1}.Release|Any CPU.Build.0 = Release|Any CPU
		{F877797B-3956-4D3F-9A17-75842EDF7E26}.Debug|Any CPU.ActiveCfg = Debug|Any CPU
		{F877797B-3956-4D3F-9A17-75842EDF7E26}.Debug|Any CPU.Build.0 = Debug|Any CPU
		{F877797B-3956-4D3F-9A17-75842EDF7E26}.Release|Any CPU.ActiveCfg = Release|Any CPU
		{F877797B-3956-4D3F-9A17-75842EDF7E26}.Release|Any CPU.Build.0 = Release|Any CPU
		{F861371F-04C8-4140-8972-36DB96FA046F}.Debug|Any CPU.ActiveCfg = Debug|Any CPU
		{F861371F-04C8-4140-8972-36DB96FA046F}.Debug|Any CPU.Build.0 = Debug|Any CPU
		{F861371F-04C8-4140-8972-36DB96FA046F}.Release|Any CPU.ActiveCfg = Release|Any CPU
		{F861371F-04C8-4140-8972-36DB96FA046F}.Release|Any CPU.Build.0 = Release|Any CPU
		{A9C85EF0-0741-4913-B553-A2E9EB6C3DDD}.Debug|Any CPU.ActiveCfg = Debug|Any CPU
		{A9C85EF0-0741-4913-B553-A2E9EB6C3DDD}.Debug|Any CPU.Build.0 = Debug|Any CPU
		{A9C85EF0-0741-4913-B553-A2E9EB6C3DDD}.Release|Any CPU.ActiveCfg = Release|Any CPU
		{A9C85EF0-0741-4913-B553-A2E9EB6C3DDD}.Release|Any CPU.Build.0 = Release|Any CPU
		{D73A7A49-39D8-4A57-A317-1FEAEE2933A7}.Debug|Any CPU.ActiveCfg = Debug|Any CPU
		{D73A7A49-39D8-4A57-A317-1FEAEE2933A7}.Debug|Any CPU.Build.0 = Debug|Any CPU
		{D73A7A49-39D8-4A57-A317-1FEAEE2933A7}.Release|Any CPU.ActiveCfg = Release|Any CPU
		{D73A7A49-39D8-4A57-A317-1FEAEE2933A7}.Release|Any CPU.Build.0 = Release|Any CPU
		{8B0CA589-845D-4336-8B18-56A8112569BE}.Debug|Any CPU.ActiveCfg = Debug|Any CPU
		{8B0CA589-845D-4336-8B18-56A8112569BE}.Debug|Any CPU.Build.0 = Debug|Any CPU
		{8B0CA589-845D-4336-8B18-56A8112569BE}.Release|Any CPU.ActiveCfg = Release|Any CPU
		{8B0CA589-845D-4336-8B18-56A8112569BE}.Release|Any CPU.Build.0 = Release|Any CPU
		{3010FA55-7034-4AC2-BE73-832EB064C38E}.Debug|Any CPU.ActiveCfg = Debug|Any CPU
		{3010FA55-7034-4AC2-BE73-832EB064C38E}.Debug|Any CPU.Build.0 = Debug|Any CPU
		{3010FA55-7034-4AC2-BE73-832EB064C38E}.Release|Any CPU.ActiveCfg = Release|Any CPU
		{3010FA55-7034-4AC2-BE73-832EB064C38E}.Release|Any CPU.Build.0 = Release|Any CPU
		{F472B75A-9CFF-4159-9CF8-CD58758AF153}.Debug|Any CPU.ActiveCfg = Debug|Any CPU
		{F472B75A-9CFF-4159-9CF8-CD58758AF153}.Debug|Any CPU.Build.0 = Debug|Any CPU
		{F472B75A-9CFF-4159-9CF8-CD58758AF153}.Release|Any CPU.ActiveCfg = Release|Any CPU
		{F472B75A-9CFF-4159-9CF8-CD58758AF153}.Release|Any CPU.Build.0 = Release|Any CPU
		{064C6AEB-E990-4A1B-8845-12BF5CB136BF}.Debug|Any CPU.ActiveCfg = Debug|Any CPU
		{064C6AEB-E990-4A1B-8845-12BF5CB136BF}.Debug|Any CPU.Build.0 = Debug|Any CPU
		{064C6AEB-E990-4A1B-8845-12BF5CB136BF}.Release|Any CPU.ActiveCfg = Release|Any CPU
		{064C6AEB-E990-4A1B-8845-12BF5CB136BF}.Release|Any CPU.Build.0 = Release|Any CPU
		{E366773F-B4F4-4BB6-BB73-9372C85CCD6F}.Debug|Any CPU.ActiveCfg = Debug|Any CPU
		{E366773F-B4F4-4BB6-BB73-9372C85CCD6F}.Debug|Any CPU.Build.0 = Debug|Any CPU
		{E366773F-B4F4-4BB6-BB73-9372C85CCD6F}.Release|Any CPU.ActiveCfg = Release|Any CPU
		{E366773F-B4F4-4BB6-BB73-9372C85CCD6F}.Release|Any CPU.Build.0 = Release|Any CPU
		{B387F3C3-A565-4D40-9A2F-024FB4358A73}.Debug|Any CPU.ActiveCfg = Debug|Any CPU
		{B387F3C3-A565-4D40-9A2F-024FB4358A73}.Debug|Any CPU.Build.0 = Debug|Any CPU
		{B387F3C3-A565-4D40-9A2F-024FB4358A73}.Release|Any CPU.ActiveCfg = Release|Any CPU
		{B387F3C3-A565-4D40-9A2F-024FB4358A73}.Release|Any CPU.Build.0 = Release|Any CPU
		{5A5A26A4-8430-4053-BB93-0BF9F7D4809B}.Debug|Any CPU.ActiveCfg = Debug|Any CPU
		{5A5A26A4-8430-4053-BB93-0BF9F7D4809B}.Debug|Any CPU.Build.0 = Debug|Any CPU
		{5A5A26A4-8430-4053-BB93-0BF9F7D4809B}.Release|Any CPU.ActiveCfg = Release|Any CPU
		{5A5A26A4-8430-4053-BB93-0BF9F7D4809B}.Release|Any CPU.Build.0 = Release|Any CPU
		{6081C411-88B0-4E9F-8C2E-AEC153439985}.Debug|Any CPU.ActiveCfg = Debug|Any CPU
		{6081C411-88B0-4E9F-8C2E-AEC153439985}.Debug|Any CPU.Build.0 = Debug|Any CPU
		{6081C411-88B0-4E9F-8C2E-AEC153439985}.Release|Any CPU.ActiveCfg = Release|Any CPU
		{6081C411-88B0-4E9F-8C2E-AEC153439985}.Release|Any CPU.Build.0 = Release|Any CPU
		{EC292CA6-5F66-43FB-8B66-262572962651}.Debug|Any CPU.ActiveCfg = Debug|Any CPU
		{EC292CA6-5F66-43FB-8B66-262572962651}.Debug|Any CPU.Build.0 = Debug|Any CPU
		{EC292CA6-5F66-43FB-8B66-262572962651}.Release|Any CPU.ActiveCfg = Release|Any CPU
		{EC292CA6-5F66-43FB-8B66-262572962651}.Release|Any CPU.Build.0 = Release|Any CPU
		{E22C5CB7-333D-421B-AB1E-3FE1C613EDAA}.Debug|Any CPU.ActiveCfg = Debug|Any CPU
		{E22C5CB7-333D-421B-AB1E-3FE1C613EDAA}.Debug|Any CPU.Build.0 = Debug|Any CPU
		{E22C5CB7-333D-421B-AB1E-3FE1C613EDAA}.Release|Any CPU.ActiveCfg = Release|Any CPU
		{E22C5CB7-333D-421B-AB1E-3FE1C613EDAA}.Release|Any CPU.Build.0 = Release|Any CPU
		{F0C5BEC9-8AB5-4BCE-BEBE-36AD27C26848}.Debug|Any CPU.ActiveCfg = Debug|Any CPU
		{F0C5BEC9-8AB5-4BCE-BEBE-36AD27C26848}.Debug|Any CPU.Build.0 = Debug|Any CPU
		{F0C5BEC9-8AB5-4BCE-BEBE-36AD27C26848}.Release|Any CPU.ActiveCfg = Release|Any CPU
		{F0C5BEC9-8AB5-4BCE-BEBE-36AD27C26848}.Release|Any CPU.Build.0 = Release|Any CPU
		{AEF370D0-32B4-43BD-81EA-39853DE6AAD0}.Debug|Any CPU.ActiveCfg = Debug|Any CPU
		{AEF370D0-32B4-43BD-81EA-39853DE6AAD0}.Debug|Any CPU.Build.0 = Debug|Any CPU
		{AEF370D0-32B4-43BD-81EA-39853DE6AAD0}.Release|Any CPU.ActiveCfg = Release|Any CPU
		{AEF370D0-32B4-43BD-81EA-39853DE6AAD0}.Release|Any CPU.Build.0 = Release|Any CPU
		{709E0E2F-5765-4859-A487-EDE255983455}.Debug|Any CPU.ActiveCfg = Debug|Any CPU
		{709E0E2F-5765-4859-A487-EDE255983455}.Debug|Any CPU.Build.0 = Debug|Any CPU
		{709E0E2F-5765-4859-A487-EDE255983455}.Release|Any CPU.ActiveCfg = Release|Any CPU
		{709E0E2F-5765-4859-A487-EDE255983455}.Release|Any CPU.Build.0 = Release|Any CPU
		{C157D818-934B-42D6-B780-D8EB65112D4C}.Debug|Any CPU.ActiveCfg = Debug|Any CPU
		{C157D818-934B-42D6-B780-D8EB65112D4C}.Debug|Any CPU.Build.0 = Debug|Any CPU
		{C157D818-934B-42D6-B780-D8EB65112D4C}.Release|Any CPU.ActiveCfg = Release|Any CPU
		{C157D818-934B-42D6-B780-D8EB65112D4C}.Release|Any CPU.Build.0 = Release|Any CPU
		{25FACE22-7065-4AB1-B72C-EE698044160B}.Debug|Any CPU.ActiveCfg = Debug|Any CPU
		{25FACE22-7065-4AB1-B72C-EE698044160B}.Debug|Any CPU.Build.0 = Debug|Any CPU
		{25FACE22-7065-4AB1-B72C-EE698044160B}.Release|Any CPU.ActiveCfg = Release|Any CPU
		{25FACE22-7065-4AB1-B72C-EE698044160B}.Release|Any CPU.Build.0 = Release|Any CPU
		{4F4098B0-FCFD-45B3-B25C-C704AE3AB37E}.Debug|Any CPU.ActiveCfg = Debug|Any CPU
		{4F4098B0-FCFD-45B3-B25C-C704AE3AB37E}.Debug|Any CPU.Build.0 = Debug|Any CPU
		{4F4098B0-FCFD-45B3-B25C-C704AE3AB37E}.Release|Any CPU.ActiveCfg = Release|Any CPU
		{4F4098B0-FCFD-45B3-B25C-C704AE3AB37E}.Release|Any CPU.Build.0 = Release|Any CPU
		{805DC21E-E5B3-44BB-90B0-F21598F42467}.Debug|Any CPU.ActiveCfg = Debug|Any CPU
		{805DC21E-E5B3-44BB-90B0-F21598F42467}.Debug|Any CPU.Build.0 = Debug|Any CPU
		{805DC21E-E5B3-44BB-90B0-F21598F42467}.Release|Any CPU.ActiveCfg = Release|Any CPU
		{805DC21E-E5B3-44BB-90B0-F21598F42467}.Release|Any CPU.Build.0 = Release|Any CPU
	EndGlobalSection
	GlobalSection(SolutionProperties) = preSolution
		HideSolutionNode = FALSE
	EndGlobalSection
	GlobalSection(ExtensibilityGlobals) = postSolution
		SolutionGuid = {4BEC3424-16B8-4D6D-93CD-C6476B183DEE}
	EndGlobalSection
EndGlobal
